
Microsoft Visual Studio Solution File, Format Version 12.00
# Visual Studio 14
VisualStudioVersion = 14.0.24720.0
MinimumVisualStudioVersion = 10.0.40219.1
Project("{8BC9CEB8-8B4A-11D0-8D11-00A0C91BC942}") = "test", "test\test.vcxproj", "{273FDD78-9B81-48F3-A74B-CA9B5EBF591B}"
EndProject
Project("{8BC9CEB8-8B4A-11D0-8D11-00A0C91BC942}") = "common", "common\common\common.vcxproj", "{A0F3FB87-8030-42AE-BB78-5977DD717F86}"
EndProject
Project("{8BC9CEB8-8B4A-11D0-8D11-00A0C91BC942}") = "client_win", "client_win\client_win.vcxproj", "{24B9F703-EC8E-40A8-950F-14931749E68F}"
EndProject
Project("{8BC9CEB8-8B4A-11D0-8D11-00A0C91BC942}") = "cloud-server", "cloud-server\cloud-server.vcxproj", "{F42FDE94-1C2D-4CC2-8213-003F4F457F77}"
EndProject
Project("{8BC9CEB8-8B4A-11D0-8D11-00A0C91BC942}") = "wshandling", "common\wshandling\wshandling.vcxproj", "{7B947294-4BC7-41A8-9791-1E8421EC50A8}"
EndProject
Project("{8BC9CEB8-8B4A-11D0-8D11-00A0C91BC942}") = "control-server", "control-server\control-server.vcxproj", "{EFE39903-B31C-45B8-B00E-E1B2EE62FADB}"
	ProjectSection(ProjectDependencies) = postProject
		{A0F3FB87-8030-42AE-BB78-5977DD717F86} = {A0F3FB87-8030-42AE-BB78-5977DD717F86}
		{7B947294-4BC7-41A8-9791-1E8421EC50A8} = {7B947294-4BC7-41A8-9791-1E8421EC50A8}
	EndProjectSection
EndProject
Project("{8BC9CEB8-8B4A-11D0-8D11-00A0C91BC942}") = "tv", "tv\tv.vcxproj", "{33079777-D018-4F35-821D-D995F215E8D6}"
	ProjectSection(ProjectDependencies) = postProject
		{A0F3FB87-8030-42AE-BB78-5977DD717F86} = {A0F3FB87-8030-42AE-BB78-5977DD717F86}
	EndProjectSection
EndProject
Global
	GlobalSection(SolutionConfigurationPlatforms) = preSolution
		Debug Filter|ARM = Debug Filter|ARM
		Debug Filter|Win32 = Debug Filter|Win32
		Debug Filter|x64 = Debug Filter|x64
		Debug Lite|ARM = Debug Lite|ARM
		Debug Lite|Win32 = Debug Lite|Win32
		Debug Lite|x64 = Debug Lite|x64
		Debug|ARM = Debug|ARM
		Debug|Win32 = Debug|Win32
		Debug|x64 = Debug|x64
		Release Filter|ARM = Release Filter|ARM
		Release Filter|Win32 = Release Filter|Win32
		Release Filter|x64 = Release Filter|x64
		Release Lite|ARM = Release Lite|ARM
		Release Lite|Win32 = Release Lite|Win32
		Release Lite|x64 = Release Lite|x64
		Release|ARM = Release|ARM
		Release|Win32 = Release|Win32
		Release|x64 = Release|x64
		small|ARM = small|ARM
		small|Win32 = small|Win32
		small|x64 = small|x64
		Template|ARM = Template|ARM
		Template|Win32 = Template|Win32
		Template|x64 = Template|x64
	EndGlobalSection
	GlobalSection(ProjectConfigurationPlatforms) = postSolution
		{273FDD78-9B81-48F3-A74B-CA9B5EBF591B}.Debug Filter|ARM.ActiveCfg = Release|Win32
		{273FDD78-9B81-48F3-A74B-CA9B5EBF591B}.Debug Filter|ARM.Build.0 = Release|Win32
		{273FDD78-9B81-48F3-A74B-CA9B5EBF591B}.Debug Filter|Win32.ActiveCfg = Debug|Win32
		{273FDD78-9B81-48F3-A74B-CA9B5EBF591B}.Debug Filter|Win32.Build.0 = Debug|Win32
		{273FDD78-9B81-48F3-A74B-CA9B5EBF591B}.Debug Filter|x64.ActiveCfg = Debug|Win32
		{273FDD78-9B81-48F3-A74B-CA9B5EBF591B}.Debug Lite|ARM.ActiveCfg = Release|Win32
		{273FDD78-9B81-48F3-A74B-CA9B5EBF591B}.Debug Lite|ARM.Build.0 = Release|Win32
		{273FDD78-9B81-48F3-A74B-CA9B5EBF591B}.Debug Lite|Win32.ActiveCfg = Debug|Win32
		{273FDD78-9B81-48F3-A74B-CA9B5EBF591B}.Debug Lite|Win32.Build.0 = Debug|Win32
		{273FDD78-9B81-48F3-A74B-CA9B5EBF591B}.Debug Lite|x64.ActiveCfg = Debug|Win32
		{273FDD78-9B81-48F3-A74B-CA9B5EBF591B}.Debug|ARM.ActiveCfg = Debug|Win32
		{273FDD78-9B81-48F3-A74B-CA9B5EBF591B}.Debug|Win32.ActiveCfg = Debug|Win32
		{273FDD78-9B81-48F3-A74B-CA9B5EBF591B}.Debug|Win32.Build.0 = Debug|Win32
		{273FDD78-9B81-48F3-A74B-CA9B5EBF591B}.Debug|x64.ActiveCfg = Debug|Win32
		{273FDD78-9B81-48F3-A74B-CA9B5EBF591B}.Release Filter|ARM.ActiveCfg = Release|Win32
		{273FDD78-9B81-48F3-A74B-CA9B5EBF591B}.Release Filter|ARM.Build.0 = Release|Win32
		{273FDD78-9B81-48F3-A74B-CA9B5EBF591B}.Release Filter|Win32.ActiveCfg = Release|Win32
		{273FDD78-9B81-48F3-A74B-CA9B5EBF591B}.Release Filter|Win32.Build.0 = Release|Win32
		{273FDD78-9B81-48F3-A74B-CA9B5EBF591B}.Release Filter|x64.ActiveCfg = Release|Win32
		{273FDD78-9B81-48F3-A74B-CA9B5EBF591B}.Release Lite|ARM.ActiveCfg = Release|Win32
		{273FDD78-9B81-48F3-A74B-CA9B5EBF591B}.Release Lite|ARM.Build.0 = Release|Win32
		{273FDD78-9B81-48F3-A74B-CA9B5EBF591B}.Release Lite|Win32.ActiveCfg = Release|Win32
		{273FDD78-9B81-48F3-A74B-CA9B5EBF591B}.Release Lite|Win32.Build.0 = Release|Win32
		{273FDD78-9B81-48F3-A74B-CA9B5EBF591B}.Release Lite|x64.ActiveCfg = Release|Win32
		{273FDD78-9B81-48F3-A74B-CA9B5EBF591B}.Release|ARM.ActiveCfg = Release|Win32
		{273FDD78-9B81-48F3-A74B-CA9B5EBF591B}.Release|Win32.ActiveCfg = Release|Win32
		{273FDD78-9B81-48F3-A74B-CA9B5EBF591B}.Release|Win32.Build.0 = Release|Win32
		{273FDD78-9B81-48F3-A74B-CA9B5EBF591B}.Release|x64.ActiveCfg = Release|Win32
		{273FDD78-9B81-48F3-A74B-CA9B5EBF591B}.small|ARM.ActiveCfg = Release|Win32
		{273FDD78-9B81-48F3-A74B-CA9B5EBF591B}.small|ARM.Build.0 = Release|Win32
		{273FDD78-9B81-48F3-A74B-CA9B5EBF591B}.small|Win32.ActiveCfg = Release|Win32
		{273FDD78-9B81-48F3-A74B-CA9B5EBF591B}.small|Win32.Build.0 = Release|Win32
		{273FDD78-9B81-48F3-A74B-CA9B5EBF591B}.small|x64.ActiveCfg = Release|Win32
		{273FDD78-9B81-48F3-A74B-CA9B5EBF591B}.Template|ARM.ActiveCfg = Debug|Win32
		{273FDD78-9B81-48F3-A74B-CA9B5EBF591B}.Template|ARM.Build.0 = Debug|Win32
		{273FDD78-9B81-48F3-A74B-CA9B5EBF591B}.Template|Win32.ActiveCfg = Debug|Win32
		{273FDD78-9B81-48F3-A74B-CA9B5EBF591B}.Template|Win32.Build.0 = Debug|Win32
		{273FDD78-9B81-48F3-A74B-CA9B5EBF591B}.Template|x64.ActiveCfg = Debug|Win32
		{273FDD78-9B81-48F3-A74B-CA9B5EBF591B}.Template|x64.Build.0 = Debug|Win32
		{A0F3FB87-8030-42AE-BB78-5977DD717F86}.Debug Filter|ARM.ActiveCfg = Release|Win32
		{A0F3FB87-8030-42AE-BB78-5977DD717F86}.Debug Filter|ARM.Build.0 = Release|Win32
		{A0F3FB87-8030-42AE-BB78-5977DD717F86}.Debug Filter|Win32.ActiveCfg = Debug|Win32
		{A0F3FB87-8030-42AE-BB78-5977DD717F86}.Debug Filter|Win32.Build.0 = Debug|Win32
		{A0F3FB87-8030-42AE-BB78-5977DD717F86}.Debug Filter|x64.ActiveCfg = Debug|Win32
		{A0F3FB87-8030-42AE-BB78-5977DD717F86}.Debug Lite|ARM.ActiveCfg = Release|Win32
		{A0F3FB87-8030-42AE-BB78-5977DD717F86}.Debug Lite|ARM.Build.0 = Release|Win32
		{A0F3FB87-8030-42AE-BB78-5977DD717F86}.Debug Lite|Win32.ActiveCfg = Debug|Win32
		{A0F3FB87-8030-42AE-BB78-5977DD717F86}.Debug Lite|Win32.Build.0 = Debug|Win32
		{A0F3FB87-8030-42AE-BB78-5977DD717F86}.Debug Lite|x64.ActiveCfg = Debug|Win32
		{A0F3FB87-8030-42AE-BB78-5977DD717F86}.Debug|ARM.ActiveCfg = Debug|Win32
		{A0F3FB87-8030-42AE-BB78-5977DD717F86}.Debug|Win32.ActiveCfg = Debug|Win32
		{A0F3FB87-8030-42AE-BB78-5977DD717F86}.Debug|Win32.Build.0 = Debug|Win32
		{A0F3FB87-8030-42AE-BB78-5977DD717F86}.Debug|x64.ActiveCfg = Debug|Win32
		{A0F3FB87-8030-42AE-BB78-5977DD717F86}.Release Filter|ARM.ActiveCfg = Release|Win32
		{A0F3FB87-8030-42AE-BB78-5977DD717F86}.Release Filter|ARM.Build.0 = Release|Win32
		{A0F3FB87-8030-42AE-BB78-5977DD717F86}.Release Filter|Win32.ActiveCfg = Release|Win32
		{A0F3FB87-8030-42AE-BB78-5977DD717F86}.Release Filter|Win32.Build.0 = Release|Win32
		{A0F3FB87-8030-42AE-BB78-5977DD717F86}.Release Filter|x64.ActiveCfg = Release|Win32
		{A0F3FB87-8030-42AE-BB78-5977DD717F86}.Release Lite|ARM.ActiveCfg = Release|Win32
		{A0F3FB87-8030-42AE-BB78-5977DD717F86}.Release Lite|ARM.Build.0 = Release|Win32
		{A0F3FB87-8030-42AE-BB78-5977DD717F86}.Release Lite|Win32.ActiveCfg = Release|Win32
		{A0F3FB87-8030-42AE-BB78-5977DD717F86}.Release Lite|Win32.Build.0 = Release|Win32
		{A0F3FB87-8030-42AE-BB78-5977DD717F86}.Release Lite|x64.ActiveCfg = Release|Win32
		{A0F3FB87-8030-42AE-BB78-5977DD717F86}.Release|ARM.ActiveCfg = Release|Win32
		{A0F3FB87-8030-42AE-BB78-5977DD717F86}.Release|Win32.ActiveCfg = Release|Win32
		{A0F3FB87-8030-42AE-BB78-5977DD717F86}.Release|Win32.Build.0 = Release|Win32
		{A0F3FB87-8030-42AE-BB78-5977DD717F86}.Release|x64.ActiveCfg = Release|Win32
		{A0F3FB87-8030-42AE-BB78-5977DD717F86}.small|ARM.ActiveCfg = Release|Win32
		{A0F3FB87-8030-42AE-BB78-5977DD717F86}.small|ARM.Build.0 = Release|Win32
		{A0F3FB87-8030-42AE-BB78-5977DD717F86}.small|Win32.ActiveCfg = Release|Win32
		{A0F3FB87-8030-42AE-BB78-5977DD717F86}.small|Win32.Build.0 = Release|Win32
		{A0F3FB87-8030-42AE-BB78-5977DD717F86}.small|x64.ActiveCfg = Release|Win32
		{A0F3FB87-8030-42AE-BB78-5977DD717F86}.Template|ARM.ActiveCfg = Debug|Win32
		{A0F3FB87-8030-42AE-BB78-5977DD717F86}.Template|ARM.Build.0 = Debug|Win32
		{A0F3FB87-8030-42AE-BB78-5977DD717F86}.Template|Win32.ActiveCfg = Debug|Win32
		{A0F3FB87-8030-42AE-BB78-5977DD717F86}.Template|Win32.Build.0 = Debug|Win32
		{A0F3FB87-8030-42AE-BB78-5977DD717F86}.Template|x64.ActiveCfg = Debug|Win32
		{A0F3FB87-8030-42AE-BB78-5977DD717F86}.Template|x64.Build.0 = Debug|Win32
		{24B9F703-EC8E-40A8-950F-14931749E68F}.Debug Filter|ARM.ActiveCfg = Debug|ARM
		{24B9F703-EC8E-40A8-950F-14931749E68F}.Debug Filter|ARM.Build.0 = Debug|ARM
		{24B9F703-EC8E-40A8-950F-14931749E68F}.Debug Filter|ARM.Deploy.0 = Debug|ARM
		{24B9F703-EC8E-40A8-950F-14931749E68F}.Debug Filter|Win32.ActiveCfg = Debug|Win32
		{24B9F703-EC8E-40A8-950F-14931749E68F}.Debug Filter|Win32.Build.0 = Debug|Win32
		{24B9F703-EC8E-40A8-950F-14931749E68F}.Debug Filter|Win32.Deploy.0 = Debug|Win32
		{24B9F703-EC8E-40A8-950F-14931749E68F}.Debug Filter|x64.ActiveCfg = Debug|x64
		{24B9F703-EC8E-40A8-950F-14931749E68F}.Debug Filter|x64.Build.0 = Debug|x64
		{24B9F703-EC8E-40A8-950F-14931749E68F}.Debug Filter|x64.Deploy.0 = Debug|x64
		{24B9F703-EC8E-40A8-950F-14931749E68F}.Debug Lite|ARM.ActiveCfg = Debug|ARM
		{24B9F703-EC8E-40A8-950F-14931749E68F}.Debug Lite|ARM.Build.0 = Debug|ARM
		{24B9F703-EC8E-40A8-950F-14931749E68F}.Debug Lite|ARM.Deploy.0 = Debug|ARM
		{24B9F703-EC8E-40A8-950F-14931749E68F}.Debug Lite|Win32.ActiveCfg = Debug|Win32
		{24B9F703-EC8E-40A8-950F-14931749E68F}.Debug Lite|Win32.Build.0 = Debug|Win32
		{24B9F703-EC8E-40A8-950F-14931749E68F}.Debug Lite|Win32.Deploy.0 = Debug|Win32
		{24B9F703-EC8E-40A8-950F-14931749E68F}.Debug Lite|x64.ActiveCfg = Debug|x64
		{24B9F703-EC8E-40A8-950F-14931749E68F}.Debug Lite|x64.Build.0 = Debug|x64
		{24B9F703-EC8E-40A8-950F-14931749E68F}.Debug Lite|x64.Deploy.0 = Debug|x64
		{24B9F703-EC8E-40A8-950F-14931749E68F}.Debug|ARM.ActiveCfg = Debug|ARM
		{24B9F703-EC8E-40A8-950F-14931749E68F}.Debug|ARM.Build.0 = Debug|ARM
		{24B9F703-EC8E-40A8-950F-14931749E68F}.Debug|ARM.Deploy.0 = Debug|ARM
		{24B9F703-EC8E-40A8-950F-14931749E68F}.Debug|Win32.ActiveCfg = Debug|Win32
		{24B9F703-EC8E-40A8-950F-14931749E68F}.Debug|Win32.Build.0 = Debug|Win32
		{24B9F703-EC8E-40A8-950F-14931749E68F}.Debug|Win32.Deploy.0 = Debug|Win32
		{24B9F703-EC8E-40A8-950F-14931749E68F}.Debug|x64.ActiveCfg = Debug|x64
		{24B9F703-EC8E-40A8-950F-14931749E68F}.Debug|x64.Build.0 = Debug|x64
		{24B9F703-EC8E-40A8-950F-14931749E68F}.Debug|x64.Deploy.0 = Debug|x64
		{24B9F703-EC8E-40A8-950F-14931749E68F}.Release Filter|ARM.ActiveCfg = Release|ARM
		{24B9F703-EC8E-40A8-950F-14931749E68F}.Release Filter|ARM.Build.0 = Release|ARM
		{24B9F703-EC8E-40A8-950F-14931749E68F}.Release Filter|ARM.Deploy.0 = Release|ARM
		{24B9F703-EC8E-40A8-950F-14931749E68F}.Release Filter|Win32.ActiveCfg = Release|Win32
		{24B9F703-EC8E-40A8-950F-14931749E68F}.Release Filter|Win32.Build.0 = Release|Win32
		{24B9F703-EC8E-40A8-950F-14931749E68F}.Release Filter|Win32.Deploy.0 = Release|Win32
		{24B9F703-EC8E-40A8-950F-14931749E68F}.Release Filter|x64.ActiveCfg = Release|x64
		{24B9F703-EC8E-40A8-950F-14931749E68F}.Release Filter|x64.Build.0 = Release|x64
		{24B9F703-EC8E-40A8-950F-14931749E68F}.Release Filter|x64.Deploy.0 = Release|x64
		{24B9F703-EC8E-40A8-950F-14931749E68F}.Release Lite|ARM.ActiveCfg = Release|ARM
		{24B9F703-EC8E-40A8-950F-14931749E68F}.Release Lite|ARM.Build.0 = Release|ARM
		{24B9F703-EC8E-40A8-950F-14931749E68F}.Release Lite|ARM.Deploy.0 = Release|ARM
		{24B9F703-EC8E-40A8-950F-14931749E68F}.Release Lite|Win32.ActiveCfg = Release|Win32
		{24B9F703-EC8E-40A8-950F-14931749E68F}.Release Lite|Win32.Build.0 = Release|Win32
		{24B9F703-EC8E-40A8-950F-14931749E68F}.Release Lite|Win32.Deploy.0 = Release|Win32
		{24B9F703-EC8E-40A8-950F-14931749E68F}.Release Lite|x64.ActiveCfg = Release|x64
		{24B9F703-EC8E-40A8-950F-14931749E68F}.Release Lite|x64.Build.0 = Release|x64
		{24B9F703-EC8E-40A8-950F-14931749E68F}.Release Lite|x64.Deploy.0 = Release|x64
		{24B9F703-EC8E-40A8-950F-14931749E68F}.Release|ARM.ActiveCfg = Release|ARM
		{24B9F703-EC8E-40A8-950F-14931749E68F}.Release|ARM.Build.0 = Release|ARM
		{24B9F703-EC8E-40A8-950F-14931749E68F}.Release|ARM.Deploy.0 = Release|ARM
		{24B9F703-EC8E-40A8-950F-14931749E68F}.Release|Win32.ActiveCfg = Release|Win32
		{24B9F703-EC8E-40A8-950F-14931749E68F}.Release|Win32.Build.0 = Release|Win32
		{24B9F703-EC8E-40A8-950F-14931749E68F}.Release|Win32.Deploy.0 = Release|Win32
		{24B9F703-EC8E-40A8-950F-14931749E68F}.Release|x64.ActiveCfg = Release|x64
		{24B9F703-EC8E-40A8-950F-14931749E68F}.Release|x64.Build.0 = Release|x64
		{24B9F703-EC8E-40A8-950F-14931749E68F}.Release|x64.Deploy.0 = Release|x64
		{24B9F703-EC8E-40A8-950F-14931749E68F}.small|ARM.ActiveCfg = Release|ARM
		{24B9F703-EC8E-40A8-950F-14931749E68F}.small|ARM.Build.0 = Release|ARM
		{24B9F703-EC8E-40A8-950F-14931749E68F}.small|ARM.Deploy.0 = Release|ARM
		{24B9F703-EC8E-40A8-950F-14931749E68F}.small|Win32.ActiveCfg = Release|Win32
		{24B9F703-EC8E-40A8-950F-14931749E68F}.small|Win32.Build.0 = Release|Win32
		{24B9F703-EC8E-40A8-950F-14931749E68F}.small|Win32.Deploy.0 = Release|Win32
		{24B9F703-EC8E-40A8-950F-14931749E68F}.small|x64.ActiveCfg = Release|x64
		{24B9F703-EC8E-40A8-950F-14931749E68F}.small|x64.Build.0 = Release|x64
		{24B9F703-EC8E-40A8-950F-14931749E68F}.small|x64.Deploy.0 = Release|x64
		{24B9F703-EC8E-40A8-950F-14931749E68F}.Template|ARM.ActiveCfg = Release|ARM
		{24B9F703-EC8E-40A8-950F-14931749E68F}.Template|ARM.Build.0 = Release|ARM
		{24B9F703-EC8E-40A8-950F-14931749E68F}.Template|ARM.Deploy.0 = Release|ARM
		{24B9F703-EC8E-40A8-950F-14931749E68F}.Template|Win32.ActiveCfg = Release|Win32
		{24B9F703-EC8E-40A8-950F-14931749E68F}.Template|Win32.Build.0 = Release|Win32
		{24B9F703-EC8E-40A8-950F-14931749E68F}.Template|Win32.Deploy.0 = Release|Win32
		{24B9F703-EC8E-40A8-950F-14931749E68F}.Template|x64.ActiveCfg = Release|x64
		{24B9F703-EC8E-40A8-950F-14931749E68F}.Template|x64.Build.0 = Release|x64
		{24B9F703-EC8E-40A8-950F-14931749E68F}.Template|x64.Deploy.0 = Release|x64
		{F42FDE94-1C2D-4CC2-8213-003F4F457F77}.Debug Filter|ARM.ActiveCfg = Release|x64
		{F42FDE94-1C2D-4CC2-8213-003F4F457F77}.Debug Filter|ARM.Build.0 = Release|x64
		{F42FDE94-1C2D-4CC2-8213-003F4F457F77}.Debug Filter|Win32.ActiveCfg = Debug|Win32
		{F42FDE94-1C2D-4CC2-8213-003F4F457F77}.Debug Filter|Win32.Build.0 = Debug|Win32
		{F42FDE94-1C2D-4CC2-8213-003F4F457F77}.Debug Filter|x64.ActiveCfg = Debug|x64
		{F42FDE94-1C2D-4CC2-8213-003F4F457F77}.Debug Filter|x64.Build.0 = Debug|x64
		{F42FDE94-1C2D-4CC2-8213-003F4F457F77}.Debug Lite|ARM.ActiveCfg = Release|x64
		{F42FDE94-1C2D-4CC2-8213-003F4F457F77}.Debug Lite|ARM.Build.0 = Release|x64
		{F42FDE94-1C2D-4CC2-8213-003F4F457F77}.Debug Lite|Win32.ActiveCfg = Debug|Win32
		{F42FDE94-1C2D-4CC2-8213-003F4F457F77}.Debug Lite|Win32.Build.0 = Debug|Win32
		{F42FDE94-1C2D-4CC2-8213-003F4F457F77}.Debug Lite|x64.ActiveCfg = Debug|x64
		{F42FDE94-1C2D-4CC2-8213-003F4F457F77}.Debug Lite|x64.Build.0 = Debug|x64
		{F42FDE94-1C2D-4CC2-8213-003F4F457F77}.Debug|ARM.ActiveCfg = Debug|Win32
		{F42FDE94-1C2D-4CC2-8213-003F4F457F77}.Debug|Win32.ActiveCfg = Debug|Win32
		{F42FDE94-1C2D-4CC2-8213-003F4F457F77}.Debug|Win32.Build.0 = Debug|Win32
		{F42FDE94-1C2D-4CC2-8213-003F4F457F77}.Debug|x64.ActiveCfg = Debug|x64
		{F42FDE94-1C2D-4CC2-8213-003F4F457F77}.Debug|x64.Build.0 = Debug|x64
		{F42FDE94-1C2D-4CC2-8213-003F4F457F77}.Release Filter|ARM.ActiveCfg = Release|x64
		{F42FDE94-1C2D-4CC2-8213-003F4F457F77}.Release Filter|ARM.Build.0 = Release|x64
		{F42FDE94-1C2D-4CC2-8213-003F4F457F77}.Release Filter|Win32.ActiveCfg = Release|Win32
		{F42FDE94-1C2D-4CC2-8213-003F4F457F77}.Release Filter|Win32.Build.0 = Release|Win32
		{F42FDE94-1C2D-4CC2-8213-003F4F457F77}.Release Filter|x64.ActiveCfg = Release|x64
		{F42FDE94-1C2D-4CC2-8213-003F4F457F77}.Release Filter|x64.Build.0 = Release|x64
		{F42FDE94-1C2D-4CC2-8213-003F4F457F77}.Release Lite|ARM.ActiveCfg = Release|x64
		{F42FDE94-1C2D-4CC2-8213-003F4F457F77}.Release Lite|ARM.Build.0 = Release|x64
		{F42FDE94-1C2D-4CC2-8213-003F4F457F77}.Release Lite|Win32.ActiveCfg = Release|Win32
		{F42FDE94-1C2D-4CC2-8213-003F4F457F77}.Release Lite|Win32.Build.0 = Release|Win32
		{F42FDE94-1C2D-4CC2-8213-003F4F457F77}.Release Lite|x64.ActiveCfg = Release|x64
		{F42FDE94-1C2D-4CC2-8213-003F4F457F77}.Release Lite|x64.Build.0 = Release|x64
		{F42FDE94-1C2D-4CC2-8213-003F4F457F77}.Release|ARM.ActiveCfg = Release|Win32
		{F42FDE94-1C2D-4CC2-8213-003F4F457F77}.Release|Win32.ActiveCfg = Release|Win32
		{F42FDE94-1C2D-4CC2-8213-003F4F457F77}.Release|Win32.Build.0 = Release|Win32
		{F42FDE94-1C2D-4CC2-8213-003F4F457F77}.Release|x64.ActiveCfg = Release|x64
		{F42FDE94-1C2D-4CC2-8213-003F4F457F77}.Release|x64.Build.0 = Release|x64
		{F42FDE94-1C2D-4CC2-8213-003F4F457F77}.small|ARM.ActiveCfg = Release|x64
		{F42FDE94-1C2D-4CC2-8213-003F4F457F77}.small|ARM.Build.0 = Release|x64
		{F42FDE94-1C2D-4CC2-8213-003F4F457F77}.small|Win32.ActiveCfg = Release|Win32
		{F42FDE94-1C2D-4CC2-8213-003F4F457F77}.small|Win32.Build.0 = Release|Win32
		{F42FDE94-1C2D-4CC2-8213-003F4F457F77}.small|x64.ActiveCfg = Release|x64
		{F42FDE94-1C2D-4CC2-8213-003F4F457F77}.small|x64.Build.0 = Release|x64
		{F42FDE94-1C2D-4CC2-8213-003F4F457F77}.Template|ARM.ActiveCfg = Release|x64
		{F42FDE94-1C2D-4CC2-8213-003F4F457F77}.Template|ARM.Build.0 = Release|x64
		{F42FDE94-1C2D-4CC2-8213-003F4F457F77}.Template|Win32.ActiveCfg = Release|Win32
		{F42FDE94-1C2D-4CC2-8213-003F4F457F77}.Template|Win32.Build.0 = Release|Win32
		{F42FDE94-1C2D-4CC2-8213-003F4F457F77}.Template|x64.ActiveCfg = Release|x64
		{F42FDE94-1C2D-4CC2-8213-003F4F457F77}.Template|x64.Build.0 = Release|x64
		{7B947294-4BC7-41A8-9791-1E8421EC50A8}.Debug Filter|ARM.ActiveCfg = Release|x64
		{7B947294-4BC7-41A8-9791-1E8421EC50A8}.Debug Filter|ARM.Build.0 = Release|x64
		{7B947294-4BC7-41A8-9791-1E8421EC50A8}.Debug Filter|Win32.ActiveCfg = Debug|Win32
		{7B947294-4BC7-41A8-9791-1E8421EC50A8}.Debug Filter|Win32.Build.0 = Debug|Win32
		{7B947294-4BC7-41A8-9791-1E8421EC50A8}.Debug Filter|x64.ActiveCfg = Debug|x64
		{7B947294-4BC7-41A8-9791-1E8421EC50A8}.Debug Filter|x64.Build.0 = Debug|x64
		{7B947294-4BC7-41A8-9791-1E8421EC50A8}.Debug Lite|ARM.ActiveCfg = Release|x64
		{7B947294-4BC7-41A8-9791-1E8421EC50A8}.Debug Lite|ARM.Build.0 = Release|x64
		{7B947294-4BC7-41A8-9791-1E8421EC50A8}.Debug Lite|Win32.ActiveCfg = Debug|Win32
		{7B947294-4BC7-41A8-9791-1E8421EC50A8}.Debug Lite|Win32.Build.0 = Debug|Win32
		{7B947294-4BC7-41A8-9791-1E8421EC50A8}.Debug Lite|x64.ActiveCfg = Debug|x64
		{7B947294-4BC7-41A8-9791-1E8421EC50A8}.Debug Lite|x64.Build.0 = Debug|x64
		{7B947294-4BC7-41A8-9791-1E8421EC50A8}.Debug|ARM.ActiveCfg = Debug|Win32
		{7B947294-4BC7-41A8-9791-1E8421EC50A8}.Debug|Win32.ActiveCfg = Debug|Win32
		{7B947294-4BC7-41A8-9791-1E8421EC50A8}.Debug|Win32.Build.0 = Debug|Win32
		{7B947294-4BC7-41A8-9791-1E8421EC50A8}.Debug|x64.ActiveCfg = Debug|x64
		{7B947294-4BC7-41A8-9791-1E8421EC50A8}.Debug|x64.Build.0 = Debug|x64
		{7B947294-4BC7-41A8-9791-1E8421EC50A8}.Release Filter|ARM.ActiveCfg = Release|x64
		{7B947294-4BC7-41A8-9791-1E8421EC50A8}.Release Filter|ARM.Build.0 = Release|x64
		{7B947294-4BC7-41A8-9791-1E8421EC50A8}.Release Filter|Win32.ActiveCfg = Release|Win32
		{7B947294-4BC7-41A8-9791-1E8421EC50A8}.Release Filter|Win32.Build.0 = Release|Win32
		{7B947294-4BC7-41A8-9791-1E8421EC50A8}.Release Filter|x64.ActiveCfg = Release|x64
		{7B947294-4BC7-41A8-9791-1E8421EC50A8}.Release Filter|x64.Build.0 = Release|x64
		{7B947294-4BC7-41A8-9791-1E8421EC50A8}.Release Lite|ARM.ActiveCfg = Release|x64
		{7B947294-4BC7-41A8-9791-1E8421EC50A8}.Release Lite|ARM.Build.0 = Release|x64
		{7B947294-4BC7-41A8-9791-1E8421EC50A8}.Release Lite|Win32.ActiveCfg = Release|Win32
		{7B947294-4BC7-41A8-9791-1E8421EC50A8}.Release Lite|Win32.Build.0 = Release|Win32
		{7B947294-4BC7-41A8-9791-1E8421EC50A8}.Release Lite|x64.ActiveCfg = Release|x64
		{7B947294-4BC7-41A8-9791-1E8421EC50A8}.Release Lite|x64.Build.0 = Release|x64
		{7B947294-4BC7-41A8-9791-1E8421EC50A8}.Release|ARM.ActiveCfg = Release|Win32
		{7B947294-4BC7-41A8-9791-1E8421EC50A8}.Release|Win32.ActiveCfg = Release|Win32
		{7B947294-4BC7-41A8-9791-1E8421EC50A8}.Release|Win32.Build.0 = Release|Win32
		{7B947294-4BC7-41A8-9791-1E8421EC50A8}.Release|x64.ActiveCfg = Release|x64
		{7B947294-4BC7-41A8-9791-1E8421EC50A8}.Release|x64.Build.0 = Release|x64
		{7B947294-4BC7-41A8-9791-1E8421EC50A8}.small|ARM.ActiveCfg = Release|x64
		{7B947294-4BC7-41A8-9791-1E8421EC50A8}.small|ARM.Build.0 = Release|x64
		{7B947294-4BC7-41A8-9791-1E8421EC50A8}.small|Win32.ActiveCfg = Release|Win32
		{7B947294-4BC7-41A8-9791-1E8421EC50A8}.small|Win32.Build.0 = Release|Win32
		{7B947294-4BC7-41A8-9791-1E8421EC50A8}.small|x64.ActiveCfg = Release|x64
		{7B947294-4BC7-41A8-9791-1E8421EC50A8}.small|x64.Build.0 = Release|x64
		{7B947294-4BC7-41A8-9791-1E8421EC50A8}.Template|ARM.ActiveCfg = Release|x64
		{7B947294-4BC7-41A8-9791-1E8421EC50A8}.Template|ARM.Build.0 = Release|x64
		{7B947294-4BC7-41A8-9791-1E8421EC50A8}.Template|Win32.ActiveCfg = Release|Win32
		{7B947294-4BC7-41A8-9791-1E8421EC50A8}.Template|Win32.Build.0 = Release|Win32
		{7B947294-4BC7-41A8-9791-1E8421EC50A8}.Template|x64.ActiveCfg = Release|x64
		{7B947294-4BC7-41A8-9791-1E8421EC50A8}.Template|x64.Build.0 = Release|x64
		{EFE39903-B31C-45B8-B00E-E1B2EE62FADB}.Debug Filter|ARM.ActiveCfg = Release|x64
		{EFE39903-B31C-45B8-B00E-E1B2EE62FADB}.Debug Filter|ARM.Build.0 = Release|x64
		{EFE39903-B31C-45B8-B00E-E1B2EE62FADB}.Debug Filter|Win32.ActiveCfg = Debug|Win32
		{EFE39903-B31C-45B8-B00E-E1B2EE62FADB}.Debug Filter|Win32.Build.0 = Debug|Win32
		{EFE39903-B31C-45B8-B00E-E1B2EE62FADB}.Debug Filter|x64.ActiveCfg = Debug|x64
		{EFE39903-B31C-45B8-B00E-E1B2EE62FADB}.Debug Filter|x64.Build.0 = Debug|x64
		{EFE39903-B31C-45B8-B00E-E1B2EE62FADB}.Debug Lite|ARM.ActiveCfg = Release|x64
		{EFE39903-B31C-45B8-B00E-E1B2EE62FADB}.Debug Lite|ARM.Build.0 = Release|x64
		{EFE39903-B31C-45B8-B00E-E1B2EE62FADB}.Debug Lite|Win32.ActiveCfg = Debug|Win32
		{EFE39903-B31C-45B8-B00E-E1B2EE62FADB}.Debug Lite|Win32.Build.0 = Debug|Win32
		{EFE39903-B31C-45B8-B00E-E1B2EE62FADB}.Debug Lite|x64.ActiveCfg = Debug|x64
		{EFE39903-B31C-45B8-B00E-E1B2EE62FADB}.Debug Lite|x64.Build.0 = Debug|x64
		{EFE39903-B31C-45B8-B00E-E1B2EE62FADB}.Debug|ARM.ActiveCfg = Debug|Win32
		{EFE39903-B31C-45B8-B00E-E1B2EE62FADB}.Debug|Win32.ActiveCfg = Debug|Win32
		{EFE39903-B31C-45B8-B00E-E1B2EE62FADB}.Debug|Win32.Build.0 = Debug|Win32
		{EFE39903-B31C-45B8-B00E-E1B2EE62FADB}.Debug|x64.ActiveCfg = Debug|x64
		{EFE39903-B31C-45B8-B00E-E1B2EE62FADB}.Debug|x64.Build.0 = Debug|x64
		{EFE39903-B31C-45B8-B00E-E1B2EE62FADB}.Release Filter|ARM.ActiveCfg = Release|x64
		{EFE39903-B31C-45B8-B00E-E1B2EE62FADB}.Release Filter|ARM.Build.0 = Release|x64
		{EFE39903-B31C-45B8-B00E-E1B2EE62FADB}.Release Filter|Win32.ActiveCfg = Release|Win32
		{EFE39903-B31C-45B8-B00E-E1B2EE62FADB}.Release Filter|Win32.Build.0 = Release|Win32
		{EFE39903-B31C-45B8-B00E-E1B2EE62FADB}.Release Filter|x64.ActiveCfg = Release|x64
		{EFE39903-B31C-45B8-B00E-E1B2EE62FADB}.Release Filter|x64.Build.0 = Release|x64
		{EFE39903-B31C-45B8-B00E-E1B2EE62FADB}.Release Lite|ARM.ActiveCfg = Release|x64
		{EFE39903-B31C-45B8-B00E-E1B2EE62FADB}.Release Lite|ARM.Build.0 = Release|x64
		{EFE39903-B31C-45B8-B00E-E1B2EE62FADB}.Release Lite|Win32.ActiveCfg = Release|Win32
		{EFE39903-B31C-45B8-B00E-E1B2EE62FADB}.Release Lite|Win32.Build.0 = Release|Win32
		{EFE39903-B31C-45B8-B00E-E1B2EE62FADB}.Release Lite|x64.ActiveCfg = Release|x64
		{EFE39903-B31C-45B8-B00E-E1B2EE62FADB}.Release Lite|x64.Build.0 = Release|x64
		{EFE39903-B31C-45B8-B00E-E1B2EE62FADB}.Release|ARM.ActiveCfg = Release|Win32
		{EFE39903-B31C-45B8-B00E-E1B2EE62FADB}.Release|Win32.ActiveCfg = Release|Win32
		{EFE39903-B31C-45B8-B00E-E1B2EE62FADB}.Release|Win32.Build.0 = Release|Win32
		{EFE39903-B31C-45B8-B00E-E1B2EE62FADB}.Release|x64.ActiveCfg = Release|x64
		{EFE39903-B31C-45B8-B00E-E1B2EE62FADB}.Release|x64.Build.0 = Release|x64
		{EFE39903-B31C-45B8-B00E-E1B2EE62FADB}.small|ARM.ActiveCfg = Release|x64
		{EFE39903-B31C-45B8-B00E-E1B2EE62FADB}.small|ARM.Build.0 = Release|x64
		{EFE39903-B31C-45B8-B00E-E1B2EE62FADB}.small|Win32.ActiveCfg = Release|Win32
		{EFE39903-B31C-45B8-B00E-E1B2EE62FADB}.small|Win32.Build.0 = Release|Win32
		{EFE39903-B31C-45B8-B00E-E1B2EE62FADB}.small|x64.ActiveCfg = Release|x64
		{EFE39903-B31C-45B8-B00E-E1B2EE62FADB}.small|x64.Build.0 = Release|x64
		{EFE39903-B31C-45B8-B00E-E1B2EE62FADB}.Template|ARM.ActiveCfg = Release|x64
		{EFE39903-B31C-45B8-B00E-E1B2EE62FADB}.Template|ARM.Build.0 = Release|x64
		{EFE39903-B31C-45B8-B00E-E1B2EE62FADB}.Template|Win32.ActiveCfg = Release|Win32
		{EFE39903-B31C-45B8-B00E-E1B2EE62FADB}.Template|Win32.Build.0 = Release|Win32
		{EFE39903-B31C-45B8-B00E-E1B2EE62FADB}.Template|x64.ActiveCfg = Release|x64
		{EFE39903-B31C-45B8-B00E-E1B2EE62FADB}.Template|x64.Build.0 = Release|x64
		{33079777-D018-4F35-821D-D995F215E8D6}.Debug Filter|ARM.ActiveCfg = Release|x64
		{33079777-D018-4F35-821D-D995F215E8D6}.Debug Filter|ARM.Build.0 = Release|x64
		{33079777-D018-4F35-821D-D995F215E8D6}.Debug Filter|Win32.ActiveCfg = Debug|Win32
		{33079777-D018-4F35-821D-D995F215E8D6}.Debug Filter|Win32.Build.0 = Debug|Win32
		{33079777-D018-4F35-821D-D995F215E8D6}.Debug Filter|x64.ActiveCfg = Debug|x64
		{33079777-D018-4F35-821D-D995F215E8D6}.Debug Filter|x64.Build.0 = Debug|x64
		{33079777-D018-4F35-821D-D995F215E8D6}.Debug Lite|ARM.ActiveCfg = Release|x64
		{33079777-D018-4F35-821D-D995F215E8D6}.Debug Lite|ARM.Build.0 = Release|x64
		{33079777-D018-4F35-821D-D995F215E8D6}.Debug Lite|Win32.ActiveCfg = Debug|Win32
		{33079777-D018-4F35-821D-D995F215E8D6}.Debug Lite|Win32.Build.0 = Debug|Win32
		{33079777-D018-4F35-821D-D995F215E8D6}.Debug Lite|x64.ActiveCfg = Debug|x64
		{33079777-D018-4F35-821D-D995F215E8D6}.Debug Lite|x64.Build.0 = Debug|x64
		{33079777-D018-4F35-821D-D995F215E8D6}.Debug|ARM.ActiveCfg = Debug|Win32
		{33079777-D018-4F35-821D-D995F215E8D6}.Debug|Win32.ActiveCfg = Debug|Win32
		{33079777-D018-4F35-821D-D995F215E8D6}.Debug|Win32.Build.0 = Debug|Win32
		{33079777-D018-4F35-821D-D995F215E8D6}.Debug|x64.ActiveCfg = Debug|x64
		{33079777-D018-4F35-821D-D995F215E8D6}.Debug|x64.Build.0 = Debug|x64
		{33079777-D018-4F35-821D-D995F215E8D6}.Release Filter|ARM.ActiveCfg = Release|x64
		{33079777-D018-4F35-821D-D995F215E8D6}.Release Filter|ARM.Build.0 = Release|x64
		{33079777-D018-4F35-821D-D995F215E8D6}.Release Filter|Win32.ActiveCfg = Release|Win32
		{33079777-D018-4F35-821D-D995F215E8D6}.Release Filter|Win32.Build.0 = Release|Win32
		{33079777-D018-4F35-821D-D995F215E8D6}.Release Filter|x64.ActiveCfg = Release|x64
		{33079777-D018-4F35-821D-D995F215E8D6}.Release Filter|x64.Build.0 = Release|x64
		{33079777-D018-4F35-821D-D995F215E8D6}.Release Lite|ARM.ActiveCfg = Release|x64
		{33079777-D018-4F35-821D-D995F215E8D6}.Release Lite|ARM.Build.0 = Release|x64
		{33079777-D018-4F35-821D-D995F215E8D6}.Release Lite|Win32.ActiveCfg = Release|Win32
		{33079777-D018-4F35-821D-D995F215E8D6}.Release Lite|Win32.Build.0 = Release|Win32
		{33079777-D018-4F35-821D-D995F215E8D6}.Release Lite|x64.ActiveCfg = Release|x64
		{33079777-D018-4F35-821D-D995F215E8D6}.Release Lite|x64.Build.0 = Release|x64
		{33079777-D018-4F35-821D-D995F215E8D6}.Release|ARM.ActiveCfg = Release|Win32
		{33079777-D018-4F35-821D-D995F215E8D6}.Release|Win32.ActiveCfg = Release|Win32
		{33079777-D018-4F35-821D-D995F215E8D6}.Release|Win32.Build.0 = Release|Win32
		{33079777-D018-4F35-821D-D995F215E8D6}.Release|x64.ActiveCfg = Release|x64
		{33079777-D018-4F35-821D-D995F215E8D6}.Release|x64.Build.0 = Release|x64
		{33079777-D018-4F35-821D-D995F215E8D6}.small|ARM.ActiveCfg = Release|x64
		{33079777-D018-4F35-821D-D995F215E8D6}.small|ARM.Build.0 = Release|x64
		{33079777-D018-4F35-821D-D995F215E8D6}.small|Win32.ActiveCfg = Release|Win32
		{33079777-D018-4F35-821D-D995F215E8D6}.small|Win32.Build.0 = Release|Win32
		{33079777-D018-4F35-821D-D995F215E8D6}.small|x64.ActiveCfg = Release|x64
		{33079777-D018-4F35-821D-D995F215E8D6}.small|x64.Build.0 = Release|x64
		{33079777-D018-4F35-821D-D995F215E8D6}.Template|ARM.ActiveCfg = Release|x64
		{33079777-D018-4F35-821D-D995F215E8D6}.Template|ARM.Build.0 = Release|x64
		{33079777-D018-4F35-821D-D995F215E8D6}.Template|Win32.ActiveCfg = Release|Win32
		{33079777-D018-4F35-821D-D995F215E8D6}.Template|Win32.Build.0 = Release|Win32
		{33079777-D018-4F35-821D-D995F215E8D6}.Template|x64.ActiveCfg = Release|x64
		{33079777-D018-4F35-821D-D995F215E8D6}.Template|x64.Build.0 = Release|x64
	EndGlobalSection
	GlobalSection(SolutionProperties) = preSolution
		HideSolutionNode = FALSE
	EndGlobalSection
EndGlobal
