
Microsoft Visual Studio Solution File, Format Version 12.00
# Visual Studio Express 2013 for Windows Desktop
VisualStudioVersion = 12.0.21005.1
MinimumVisualStudioVersion = 10.0.40219.1
Project("{8BC9CEB8-8B4A-11D0-8D11-00A0C91BC942}") = "test", "test\test.vcxproj", "{273FDD78-9B81-48F3-A74B-CA9B5EBF591B}"
EndProject
Project("{8BC9CEB8-8B4A-11D0-8D11-00A0C91BC942}") = "common", "common\common\common.vcxproj", "{A0F3FB87-8030-42AE-BB78-5977DD717F86}"
EndProject
Global
	GlobalSection(SolutionConfigurationPlatforms) = preSolution
		Debug Filter|Win32 = Debug Filter|Win32
		Debug Filter|x64 = Debug Filter|x64
		Debug Lite|Win32 = Debug Lite|Win32
		Debug Lite|x64 = Debug Lite|x64
		Debug|Win32 = Debug|Win32
		Debug|x64 = Debug|x64
		Release Filter|Win32 = Release Filter|Win32
		Release Filter|x64 = Release Filter|x64
		Release Lite|Win32 = Release Lite|Win32
		Release Lite|x64 = Release Lite|x64
		Release|Win32 = Release|Win32
		Release|x64 = Release|x64
		small|Win32 = small|Win32
		small|x64 = small|x64
	EndGlobalSection
	GlobalSection(ProjectConfigurationPlatforms) = postSolution
		{273FDD78-9B81-48F3-A74B-CA9B5EBF591B}.Debug Filter|Win32.ActiveCfg = Debug|Win32
		{273FDD78-9B81-48F3-A74B-CA9B5EBF591B}.Debug Filter|Win32.Build.0 = Debug|Win32
		{273FDD78-9B81-48F3-A74B-CA9B5EBF591B}.Debug Filter|x64.ActiveCfg = Debug|Win32
		{273FDD78-9B81-48F3-A74B-CA9B5EBF591B}.Debug Lite|Win32.ActiveCfg = Debug|Win32
		{273FDD78-9B81-48F3-A74B-CA9B5EBF591B}.Debug Lite|Win32.Build.0 = Debug|Win32
		{273FDD78-9B81-48F3-A74B-CA9B5EBF591B}.Debug Lite|x64.ActiveCfg = Debug|Win32
		{273FDD78-9B81-48F3-A74B-CA9B5EBF591B}.Debug|Win32.ActiveCfg = Debug|Win32
		{273FDD78-9B81-48F3-A74B-CA9B5EBF591B}.Debug|Win32.Build.0 = Debug|Win32
		{273FDD78-9B81-48F3-A74B-CA9B5EBF591B}.Debug|x64.ActiveCfg = Debug|Win32
		{273FDD78-9B81-48F3-A74B-CA9B5EBF591B}.Release Filter|Win32.ActiveCfg = Release|Win32
		{273FDD78-9B81-48F3-A74B-CA9B5EBF591B}.Release Filter|Win32.Build.0 = Release|Win32
		{273FDD78-9B81-48F3-A74B-CA9B5EBF591B}.Release Filter|x64.ActiveCfg = Release|Win32
		{273FDD78-9B81-48F3-A74B-CA9B5EBF591B}.Release Lite|Win32.ActiveCfg = Release|Win32
		{273FDD78-9B81-48F3-A74B-CA9B5EBF591B}.Release Lite|Win32.Build.0 = Release|Win32
		{273FDD78-9B81-48F3-A74B-CA9B5EBF591B}.Release Lite|x64.ActiveCfg = Release|Win32
		{273FDD78-9B81-48F3-A74B-CA9B5EBF591B}.Release|Win32.ActiveCfg = Release|Win32
		{273FDD78-9B81-48F3-A74B-CA9B5EBF591B}.Release|Win32.Build.0 = Release|Win32
		{273FDD78-9B81-48F3-A74B-CA9B5EBF591B}.Release|x64.ActiveCfg = Release|Win32
		{273FDD78-9B81-48F3-A74B-CA9B5EBF591B}.small|Win32.ActiveCfg = Release|Win32
		{273FDD78-9B81-48F3-A74B-CA9B5EBF591B}.small|Win32.Build.0 = Release|Win32
		{273FDD78-9B81-48F3-A74B-CA9B5EBF591B}.small|x64.ActiveCfg = Release|Win32
		{A0F3FB87-8030-42AE-BB78-5977DD717F86}.Debug Filter|Win32.ActiveCfg = Debug|Win32
		{A0F3FB87-8030-42AE-BB78-5977DD717F86}.Debug Filter|Win32.Build.0 = Debug|Win32
		{A0F3FB87-8030-42AE-BB78-5977DD717F86}.Debug Filter|x64.ActiveCfg = Debug|Win32
		{A0F3FB87-8030-42AE-BB78-5977DD717F86}.Debug Lite|Win32.ActiveCfg = Debug|Win32
		{A0F3FB87-8030-42AE-BB78-5977DD717F86}.Debug Lite|Win32.Build.0 = Debug|Win32
		{A0F3FB87-8030-42AE-BB78-5977DD717F86}.Debug Lite|x64.ActiveCfg = Debug|Win32
		{A0F3FB87-8030-42AE-BB78-5977DD717F86}.Debug|Win32.ActiveCfg = Debug|Win32
		{A0F3FB87-8030-42AE-BB78-5977DD717F86}.Debug|Win32.Build.0 = Debug|Win32
		{A0F3FB87-8030-42AE-BB78-5977DD717F86}.Debug|x64.ActiveCfg = Debug|Win32
		{A0F3FB87-8030-42AE-BB78-5977DD717F86}.Release Filter|Win32.ActiveCfg = Release|Win32
		{A0F3FB87-8030-42AE-BB78-5977DD717F86}.Release Filter|Win32.Build.0 = Release|Win32
		{A0F3FB87-8030-42AE-BB78-5977DD717F86}.Release Filter|x64.ActiveCfg = Release|Win32
		{A0F3FB87-8030-42AE-BB78-5977DD717F86}.Release Lite|Win32.ActiveCfg = Release|Win32
		{A0F3FB87-8030-42AE-BB78-5977DD717F86}.Release Lite|Win32.Build.0 = Release|Win32
		{A0F3FB87-8030-42AE-BB78-5977DD717F86}.Release Lite|x64.ActiveCfg = Release|Win32
		{A0F3FB87-8030-42AE-BB78-5977DD717F86}.Release|Win32.ActiveCfg = Release|Win32
		{A0F3FB87-8030-42AE-BB78-5977DD717F86}.Release|Win32.Build.0 = Release|Win32
		{A0F3FB87-8030-42AE-BB78-5977DD717F86}.Release|x64.ActiveCfg = Release|Win32
		{A0F3FB87-8030-42AE-BB78-5977DD717F86}.small|Win32.ActiveCfg = Release|Win32
		{A0F3FB87-8030-42AE-BB78-5977DD717F86}.small|Win32.Build.0 = Release|Win32
		{A0F3FB87-8030-42AE-BB78-5977DD717F86}.small|x64.ActiveCfg = Release|Win32
	EndGlobalSection
	GlobalSection(SolutionProperties) = preSolution
		HideSolutionNode = FALSE
	EndGlobalSection
EndGlobal
