
Microsoft Visual Studio Solution File, Format Version 12.00
# Visual Studio 15
VisualStudioVersion = 15.0.26127.0
MinimumVisualStudioVersion = 10.0.40219.1
Project("{8BC9CEB8-8B4A-11D0-8D11-00A0C91BC942}") = "test", "test\test.vcxproj", "{273FDD78-9B81-48F3-A74B-CA9B5EBF591B}"
EndProject
Project("{8BC9CEB8-8B4A-11D0-8D11-00A0C91BC942}") = "common", "common\common\common.vcxproj", "{A0F3FB87-8030-42AE-BB78-5977DD717F86}"
EndProject
Project("{8BC9CEB8-8B4A-11D0-8D11-00A0C91BC942}") = "cloud-server", "cloud-server\cloud-server.vcxproj", "{F42FDE94-1C2D-4CC2-8213-003F4F457F77}"
	ProjectSection(ProjectDependencies) = postProject
		{A0F3FB87-8030-42AE-BB78-5977DD717F86} = {A0F3FB87-8030-42AE-BB78-5977DD717F86}
		{7B947294-4BC7-41A8-9791-1E8421EC50A8} = {7B947294-4BC7-41A8-9791-1E8421EC50A8}
	EndProjectSection
EndProject
Project("{8BC9CEB8-8B4A-11D0-8D11-00A0C91BC942}") = "wshandling", "common\wshandling\wshandling.vcxproj", "{7B947294-4BC7-41A8-9791-1E8421EC50A8}"
EndProject
Project("{8BC9CEB8-8B4A-11D0-8D11-00A0C91BC942}") = "control-server", "control-server\control-server.vcxproj", "{EFE39903-B31C-45B8-B00E-E1B2EE62FADB}"
	ProjectSection(ProjectDependencies) = postProject
		{A0F3FB87-8030-42AE-BB78-5977DD717F86} = {A0F3FB87-8030-42AE-BB78-5977DD717F86}
		{7B947294-4BC7-41A8-9791-1E8421EC50A8} = {7B947294-4BC7-41A8-9791-1E8421EC50A8}
	EndProjectSection
EndProject
Project("{8BC9CEB8-8B4A-11D0-8D11-00A0C91BC942}") = "tv", "tv\tv.vcxproj", "{33079777-D018-4F35-821D-D995F215E8D6}"
	ProjectSection(ProjectDependencies) = postProject
		{A0F3FB87-8030-42AE-BB78-5977DD717F86} = {A0F3FB87-8030-42AE-BB78-5977DD717F86}
	EndProjectSection
EndProject
Project("{8BC9CEB8-8B4A-11D0-8D11-00A0C91BC942}") = "tv_test", "tv\tv_test\tv_test.vcxproj", "{7F1542D1-3234-409A-88A7-9628BD49D029}"
EndProject
Project("{2150E333-8FDC-42A3-9474-1A3956D46DE8}") = "libs", "libs", "{6019FEBB-ED6F-4B78-BB30-EF20D671E961}"
EndProject
Project("{8BC9CEB8-8B4A-11D0-8D11-00A0C91BC942}") = "io-control", "io-control\io-control.vcxproj", "{14BB19E3-EC1C-41E2-95A1-7DD972970044}"
	ProjectSection(ProjectDependencies) = postProject
		{A0F3FB87-8030-42AE-BB78-5977DD717F86} = {A0F3FB87-8030-42AE-BB78-5977DD717F86}
	EndProjectSection
EndProject
Global
	GlobalSection(SolutionConfigurationPlatforms) = preSolution
		Debug Filter|ARM = Debug Filter|ARM
		Debug Filter|Win32 = Debug Filter|Win32
		Debug Filter|x64 = Debug Filter|x64
		Debug Lite|ARM = Debug Lite|ARM
		Debug Lite|Win32 = Debug Lite|Win32
		Debug Lite|x64 = Debug Lite|x64
		Debug|ARM = Debug|ARM
		Debug|Win32 = Debug|Win32
		Debug|x64 = Debug|x64
		Release Filter|ARM = Release Filter|ARM
		Release Filter|Win32 = Release Filter|Win32
		Release Filter|x64 = Release Filter|x64
		Release Lite|ARM = Release Lite|ARM
		Release Lite|Win32 = Release Lite|Win32
		Release Lite|x64 = Release Lite|x64
		Release|ARM = Release|ARM
		Release|Win32 = Release|Win32
		Release|x64 = Release|x64
		small|ARM = small|ARM
		small|Win32 = small|Win32
		small|x64 = small|x64
		Template|ARM = Template|ARM
		Template|Win32 = Template|Win32
		Template|x64 = Template|x64
	EndGlobalSection
	GlobalSection(ProjectConfigurationPlatforms) = postSolution
		{273FDD78-9B81-48F3-A74B-CA9B5EBF591B}.Debug Filter|ARM.ActiveCfg = Release|Win32
		{273FDD78-9B81-48F3-A74B-CA9B5EBF591B}.Debug Filter|ARM.Build.0 = Release|Win32
		{273FDD78-9B81-48F3-A74B-CA9B5EBF591B}.Debug Filter|Win32.ActiveCfg = Debug|Win32
		{273FDD78-9B81-48F3-A74B-CA9B5EBF591B}.Debug Filter|Win32.Build.0 = Debug|Win32
		{273FDD78-9B81-48F3-A74B-CA9B5EBF591B}.Debug Filter|x64.ActiveCfg = Debug|Win32
		{273FDD78-9B81-48F3-A74B-CA9B5EBF591B}.Debug Lite|ARM.ActiveCfg = Release|Win32
		{273FDD78-9B81-48F3-A74B-CA9B5EBF591B}.Debug Lite|ARM.Build.0 = Release|Win32
		{273FDD78-9B81-48F3-A74B-CA9B5EBF591B}.Debug Lite|Win32.ActiveCfg = Debug|Win32
		{273FDD78-9B81-48F3-A74B-CA9B5EBF591B}.Debug Lite|Win32.Build.0 = Debug|Win32
		{273FDD78-9B81-48F3-A74B-CA9B5EBF591B}.Debug Lite|x64.ActiveCfg = Debug|Win32
		{273FDD78-9B81-48F3-A74B-CA9B5EBF591B}.Debug|ARM.ActiveCfg = Debug|Win32
		{273FDD78-9B81-48F3-A74B-CA9B5EBF591B}.Debug|Win32.ActiveCfg = Debug|Win32
		{273FDD78-9B81-48F3-A74B-CA9B5EBF591B}.Debug|Win32.Build.0 = Debug|Win32
		{273FDD78-9B81-48F3-A74B-CA9B5EBF591B}.Debug|x64.ActiveCfg = Debug|Win32
		{273FDD78-9B81-48F3-A74B-CA9B5EBF591B}.Release Filter|ARM.ActiveCfg = Release|Win32
		{273FDD78-9B81-48F3-A74B-CA9B5EBF591B}.Release Filter|ARM.Build.0 = Release|Win32
		{273FDD78-9B81-48F3-A74B-CA9B5EBF591B}.Release Filter|Win32.ActiveCfg = Release|Win32
		{273FDD78-9B81-48F3-A74B-CA9B5EBF591B}.Release Filter|Win32.Build.0 = Release|Win32
		{273FDD78-9B81-48F3-A74B-CA9B5EBF591B}.Release Filter|x64.ActiveCfg = Release|Win32
		{273FDD78-9B81-48F3-A74B-CA9B5EBF591B}.Release Lite|ARM.ActiveCfg = Release|Win32
		{273FDD78-9B81-48F3-A74B-CA9B5EBF591B}.Release Lite|ARM.Build.0 = Release|Win32
		{273FDD78-9B81-48F3-A74B-CA9B5EBF591B}.Release Lite|Win32.ActiveCfg = Release|Win32
		{273FDD78-9B81-48F3-A74B-CA9B5EBF591B}.Release Lite|Win32.Build.0 = Release|Win32
		{273FDD78-9B81-48F3-A74B-CA9B5EBF591B}.Release Lite|x64.ActiveCfg = Release|Win32
		{273FDD78-9B81-48F3-A74B-CA9B5EBF591B}.Release|ARM.ActiveCfg = Release|Win32
		{273FDD78-9B81-48F3-A74B-CA9B5EBF591B}.Release|Win32.ActiveCfg = Release|Win32
		{273FDD78-9B81-48F3-A74B-CA9B5EBF591B}.Release|Win32.Build.0 = Release|Win32
		{273FDD78-9B81-48F3-A74B-CA9B5EBF591B}.Release|x64.ActiveCfg = Release|Win32
		{273FDD78-9B81-48F3-A74B-CA9B5EBF591B}.small|ARM.ActiveCfg = Release|Win32
		{273FDD78-9B81-48F3-A74B-CA9B5EBF591B}.small|ARM.Build.0 = Release|Win32
		{273FDD78-9B81-48F3-A74B-CA9B5EBF591B}.small|Win32.ActiveCfg = Release|Win32
		{273FDD78-9B81-48F3-A74B-CA9B5EBF591B}.small|Win32.Build.0 = Release|Win32
		{273FDD78-9B81-48F3-A74B-CA9B5EBF591B}.small|x64.ActiveCfg = Release|Win32
		{273FDD78-9B81-48F3-A74B-CA9B5EBF591B}.Template|ARM.ActiveCfg = Debug|Win32
		{273FDD78-9B81-48F3-A74B-CA9B5EBF591B}.Template|ARM.Build.0 = Debug|Win32
		{273FDD78-9B81-48F3-A74B-CA9B5EBF591B}.Template|Win32.ActiveCfg = Debug|Win32
		{273FDD78-9B81-48F3-A74B-CA9B5EBF591B}.Template|Win32.Build.0 = Debug|Win32
		{273FDD78-9B81-48F3-A74B-CA9B5EBF591B}.Template|x64.ActiveCfg = Debug|Win32
		{273FDD78-9B81-48F3-A74B-CA9B5EBF591B}.Template|x64.Build.0 = Debug|Win32
		{A0F3FB87-8030-42AE-BB78-5977DD717F86}.Debug Filter|ARM.ActiveCfg = Release|Win32
		{A0F3FB87-8030-42AE-BB78-5977DD717F86}.Debug Filter|ARM.Build.0 = Release|Win32
		{A0F3FB87-8030-42AE-BB78-5977DD717F86}.Debug Filter|Win32.ActiveCfg = Debug|Win32
		{A0F3FB87-8030-42AE-BB78-5977DD717F86}.Debug Filter|Win32.Build.0 = Debug|Win32
		{A0F3FB87-8030-42AE-BB78-5977DD717F86}.Debug Filter|x64.ActiveCfg = Debug|Win32
		{A0F3FB87-8030-42AE-BB78-5977DD717F86}.Debug Lite|ARM.ActiveCfg = Release|Win32
		{A0F3FB87-8030-42AE-BB78-5977DD717F86}.Debug Lite|ARM.Build.0 = Release|Win32
		{A0F3FB87-8030-42AE-BB78-5977DD717F86}.Debug Lite|Win32.ActiveCfg = Debug|Win32
		{A0F3FB87-8030-42AE-BB78-5977DD717F86}.Debug Lite|Win32.Build.0 = Debug|Win32
		{A0F3FB87-8030-42AE-BB78-5977DD717F86}.Debug Lite|x64.ActiveCfg = Debug|Win32
		{A0F3FB87-8030-42AE-BB78-5977DD717F86}.Debug|ARM.ActiveCfg = Debug|Win32
		{A0F3FB87-8030-42AE-BB78-5977DD717F86}.Debug|Win32.ActiveCfg = Debug|Win32
		{A0F3FB87-8030-42AE-BB78-5977DD717F86}.Debug|Win32.Build.0 = Debug|Win32
		{A0F3FB87-8030-42AE-BB78-5977DD717F86}.Debug|x64.ActiveCfg = Debug|Win32
		{A0F3FB87-8030-42AE-BB78-5977DD717F86}.Release Filter|ARM.ActiveCfg = Release|Win32
		{A0F3FB87-8030-42AE-BB78-5977DD717F86}.Release Filter|ARM.Build.0 = Release|Win32
		{A0F3FB87-8030-42AE-BB78-5977DD717F86}.Release Filter|Win32.ActiveCfg = Release|Win32
		{A0F3FB87-8030-42AE-BB78-5977DD717F86}.Release Filter|Win32.Build.0 = Release|Win32
		{A0F3FB87-8030-42AE-BB78-5977DD717F86}.Release Filter|x64.ActiveCfg = Release|Win32
		{A0F3FB87-8030-42AE-BB78-5977DD717F86}.Release Lite|ARM.ActiveCfg = Release|Win32
		{A0F3FB87-8030-42AE-BB78-5977DD717F86}.Release Lite|ARM.Build.0 = Release|Win32
		{A0F3FB87-8030-42AE-BB78-5977DD717F86}.Release Lite|Win32.ActiveCfg = Release|Win32
		{A0F3FB87-8030-42AE-BB78-5977DD717F86}.Release Lite|Win32.Build.0 = Release|Win32
		{A0F3FB87-8030-42AE-BB78-5977DD717F86}.Release Lite|x64.ActiveCfg = Release|Win32
		{A0F3FB87-8030-42AE-BB78-5977DD717F86}.Release|ARM.ActiveCfg = Release|Win32
		{A0F3FB87-8030-42AE-BB78-5977DD717F86}.Release|Win32.ActiveCfg = Release|Win32
		{A0F3FB87-8030-42AE-BB78-5977DD717F86}.Release|Win32.Build.0 = Release|Win32
		{A0F3FB87-8030-42AE-BB78-5977DD717F86}.Release|x64.ActiveCfg = Release|Win32
		{A0F3FB87-8030-42AE-BB78-5977DD717F86}.small|ARM.ActiveCfg = Release|Win32
		{A0F3FB87-8030-42AE-BB78-5977DD717F86}.small|ARM.Build.0 = Release|Win32
		{A0F3FB87-8030-42AE-BB78-5977DD717F86}.small|Win32.ActiveCfg = Release|Win32
		{A0F3FB87-8030-42AE-BB78-5977DD717F86}.small|Win32.Build.0 = Release|Win32
		{A0F3FB87-8030-42AE-BB78-5977DD717F86}.small|x64.ActiveCfg = Release|Win32
		{A0F3FB87-8030-42AE-BB78-5977DD717F86}.Template|ARM.ActiveCfg = Debug|Win32
		{A0F3FB87-8030-42AE-BB78-5977DD717F86}.Template|ARM.Build.0 = Debug|Win32
		{A0F3FB87-8030-42AE-BB78-5977DD717F86}.Template|Win32.ActiveCfg = Debug|Win32
		{A0F3FB87-8030-42AE-BB78-5977DD717F86}.Template|Win32.Build.0 = Debug|Win32
		{A0F3FB87-8030-42AE-BB78-5977DD717F86}.Template|x64.ActiveCfg = Debug|Win32
		{A0F3FB87-8030-42AE-BB78-5977DD717F86}.Template|x64.Build.0 = Debug|Win32
		{F42FDE94-1C2D-4CC2-8213-003F4F457F77}.Debug Filter|ARM.ActiveCfg = Release|x64
		{F42FDE94-1C2D-4CC2-8213-003F4F457F77}.Debug Filter|ARM.Build.0 = Release|x64
		{F42FDE94-1C2D-4CC2-8213-003F4F457F77}.Debug Filter|Win32.ActiveCfg = Debug|Win32
		{F42FDE94-1C2D-4CC2-8213-003F4F457F77}.Debug Filter|Win32.Build.0 = Debug|Win32
		{F42FDE94-1C2D-4CC2-8213-003F4F457F77}.Debug Filter|x64.ActiveCfg = Debug|x64
		{F42FDE94-1C2D-4CC2-8213-003F4F457F77}.Debug Filter|x64.Build.0 = Debug|x64
		{F42FDE94-1C2D-4CC2-8213-003F4F457F77}.Debug Lite|ARM.ActiveCfg = Release|x64
		{F42FDE94-1C2D-4CC2-8213-003F4F457F77}.Debug Lite|ARM.Build.0 = Release|x64
		{F42FDE94-1C2D-4CC2-8213-003F4F457F77}.Debug Lite|Win32.ActiveCfg = Debug|Win32
		{F42FDE94-1C2D-4CC2-8213-003F4F457F77}.Debug Lite|Win32.Build.0 = Debug|Win32
		{F42FDE94-1C2D-4CC2-8213-003F4F457F77}.Debug Lite|x64.ActiveCfg = Debug|x64
		{F42FDE94-1C2D-4CC2-8213-003F4F457F77}.Debug Lite|x64.Build.0 = Debug|x64
		{F42FDE94-1C2D-4CC2-8213-003F4F457F77}.Debug|ARM.ActiveCfg = Debug|Win32
		{F42FDE94-1C2D-4CC2-8213-003F4F457F77}.Debug|Win32.ActiveCfg = Debug|Win32
		{F42FDE94-1C2D-4CC2-8213-003F4F457F77}.Debug|Win32.Build.0 = Debug|Win32
		{F42FDE94-1C2D-4CC2-8213-003F4F457F77}.Debug|x64.ActiveCfg = Debug|x64
		{F42FDE94-1C2D-4CC2-8213-003F4F457F77}.Debug|x64.Build.0 = Debug|x64
		{F42FDE94-1C2D-4CC2-8213-003F4F457F77}.Release Filter|ARM.ActiveCfg = Release|x64
		{F42FDE94-1C2D-4CC2-8213-003F4F457F77}.Release Filter|ARM.Build.0 = Release|x64
		{F42FDE94-1C2D-4CC2-8213-003F4F457F77}.Release Filter|Win32.ActiveCfg = Release|Win32
		{F42FDE94-1C2D-4CC2-8213-003F4F457F77}.Release Filter|Win32.Build.0 = Release|Win32
		{F42FDE94-1C2D-4CC2-8213-003F4F457F77}.Release Filter|x64.ActiveCfg = Release|x64
		{F42FDE94-1C2D-4CC2-8213-003F4F457F77}.Release Filter|x64.Build.0 = Release|x64
		{F42FDE94-1C2D-4CC2-8213-003F4F457F77}.Release Lite|ARM.ActiveCfg = Release|x64
		{F42FDE94-1C2D-4CC2-8213-003F4F457F77}.Release Lite|ARM.Build.0 = Release|x64
		{F42FDE94-1C2D-4CC2-8213-003F4F457F77}.Release Lite|Win32.ActiveCfg = Release|Win32
		{F42FDE94-1C2D-4CC2-8213-003F4F457F77}.Release Lite|Win32.Build.0 = Release|Win32
		{F42FDE94-1C2D-4CC2-8213-003F4F457F77}.Release Lite|x64.ActiveCfg = Release|x64
		{F42FDE94-1C2D-4CC2-8213-003F4F457F77}.Release Lite|x64.Build.0 = Release|x64
		{F42FDE94-1C2D-4CC2-8213-003F4F457F77}.Release|ARM.ActiveCfg = Release|Win32
		{F42FDE94-1C2D-4CC2-8213-003F4F457F77}.Release|Win32.ActiveCfg = Release|Win32
		{F42FDE94-1C2D-4CC2-8213-003F4F457F77}.Release|Win32.Build.0 = Release|Win32
		{F42FDE94-1C2D-4CC2-8213-003F4F457F77}.Release|x64.ActiveCfg = Release|x64
		{F42FDE94-1C2D-4CC2-8213-003F4F457F77}.Release|x64.Build.0 = Release|x64
		{F42FDE94-1C2D-4CC2-8213-003F4F457F77}.small|ARM.ActiveCfg = Release|x64
		{F42FDE94-1C2D-4CC2-8213-003F4F457F77}.small|ARM.Build.0 = Release|x64
		{F42FDE94-1C2D-4CC2-8213-003F4F457F77}.small|Win32.ActiveCfg = Release|Win32
		{F42FDE94-1C2D-4CC2-8213-003F4F457F77}.small|Win32.Build.0 = Release|Win32
		{F42FDE94-1C2D-4CC2-8213-003F4F457F77}.small|x64.ActiveCfg = Release|x64
		{F42FDE94-1C2D-4CC2-8213-003F4F457F77}.small|x64.Build.0 = Release|x64
		{F42FDE94-1C2D-4CC2-8213-003F4F457F77}.Template|ARM.ActiveCfg = Release|x64
		{F42FDE94-1C2D-4CC2-8213-003F4F457F77}.Template|ARM.Build.0 = Release|x64
		{F42FDE94-1C2D-4CC2-8213-003F4F457F77}.Template|Win32.ActiveCfg = Release|Win32
		{F42FDE94-1C2D-4CC2-8213-003F4F457F77}.Template|Win32.Build.0 = Release|Win32
		{F42FDE94-1C2D-4CC2-8213-003F4F457F77}.Template|x64.ActiveCfg = Release|x64
		{F42FDE94-1C2D-4CC2-8213-003F4F457F77}.Template|x64.Build.0 = Release|x64
		{7B947294-4BC7-41A8-9791-1E8421EC50A8}.Debug Filter|ARM.ActiveCfg = Release|x64
		{7B947294-4BC7-41A8-9791-1E8421EC50A8}.Debug Filter|ARM.Build.0 = Release|x64
		{7B947294-4BC7-41A8-9791-1E8421EC50A8}.Debug Filter|Win32.ActiveCfg = Debug|Win32
		{7B947294-4BC7-41A8-9791-1E8421EC50A8}.Debug Filter|Win32.Build.0 = Debug|Win32
		{7B947294-4BC7-41A8-9791-1E8421EC50A8}.Debug Filter|x64.ActiveCfg = Debug|x64
		{7B947294-4BC7-41A8-9791-1E8421EC50A8}.Debug Filter|x64.Build.0 = Debug|x64
		{7B947294-4BC7-41A8-9791-1E8421EC50A8}.Debug Lite|ARM.ActiveCfg = Release|x64
		{7B947294-4BC7-41A8-9791-1E8421EC50A8}.Debug Lite|ARM.Build.0 = Release|x64
		{7B947294-4BC7-41A8-9791-1E8421EC50A8}.Debug Lite|Win32.ActiveCfg = Debug|Win32
		{7B947294-4BC7-41A8-9791-1E8421EC50A8}.Debug Lite|Win32.Build.0 = Debug|Win32
		{7B947294-4BC7-41A8-9791-1E8421EC50A8}.Debug Lite|x64.ActiveCfg = Debug|x64
		{7B947294-4BC7-41A8-9791-1E8421EC50A8}.Debug Lite|x64.Build.0 = Debug|x64
		{7B947294-4BC7-41A8-9791-1E8421EC50A8}.Debug|ARM.ActiveCfg = Debug|Win32
		{7B947294-4BC7-41A8-9791-1E8421EC50A8}.Debug|Win32.ActiveCfg = Debug|Win32
		{7B947294-4BC7-41A8-9791-1E8421EC50A8}.Debug|Win32.Build.0 = Debug|Win32
		{7B947294-4BC7-41A8-9791-1E8421EC50A8}.Debug|x64.ActiveCfg = Debug|x64
		{7B947294-4BC7-41A8-9791-1E8421EC50A8}.Debug|x64.Build.0 = Debug|x64
		{7B947294-4BC7-41A8-9791-1E8421EC50A8}.Release Filter|ARM.ActiveCfg = Release|x64
		{7B947294-4BC7-41A8-9791-1E8421EC50A8}.Release Filter|ARM.Build.0 = Release|x64
		{7B947294-4BC7-41A8-9791-1E8421EC50A8}.Release Filter|Win32.ActiveCfg = Release|Win32
		{7B947294-4BC7-41A8-9791-1E8421EC50A8}.Release Filter|Win32.Build.0 = Release|Win32
		{7B947294-4BC7-41A8-9791-1E8421EC50A8}.Release Filter|x64.ActiveCfg = Release|x64
		{7B947294-4BC7-41A8-9791-1E8421EC50A8}.Release Filter|x64.Build.0 = Release|x64
		{7B947294-4BC7-41A8-9791-1E8421EC50A8}.Release Lite|ARM.ActiveCfg = Release|x64
		{7B947294-4BC7-41A8-9791-1E8421EC50A8}.Release Lite|ARM.Build.0 = Release|x64
		{7B947294-4BC7-41A8-9791-1E8421EC50A8}.Release Lite|Win32.ActiveCfg = Release|Win32
		{7B947294-4BC7-41A8-9791-1E8421EC50A8}.Release Lite|Win32.Build.0 = Release|Win32
		{7B947294-4BC7-41A8-9791-1E8421EC50A8}.Release Lite|x64.ActiveCfg = Release|x64
		{7B947294-4BC7-41A8-9791-1E8421EC50A8}.Release Lite|x64.Build.0 = Release|x64
		{7B947294-4BC7-41A8-9791-1E8421EC50A8}.Release|ARM.ActiveCfg = Release|Win32
		{7B947294-4BC7-41A8-9791-1E8421EC50A8}.Release|Win32.ActiveCfg = Release|Win32
		{7B947294-4BC7-41A8-9791-1E8421EC50A8}.Release|Win32.Build.0 = Release|Win32
		{7B947294-4BC7-41A8-9791-1E8421EC50A8}.Release|x64.ActiveCfg = Release|x64
		{7B947294-4BC7-41A8-9791-1E8421EC50A8}.Release|x64.Build.0 = Release|x64
		{7B947294-4BC7-41A8-9791-1E8421EC50A8}.small|ARM.ActiveCfg = Release|x64
		{7B947294-4BC7-41A8-9791-1E8421EC50A8}.small|ARM.Build.0 = Release|x64
		{7B947294-4BC7-41A8-9791-1E8421EC50A8}.small|Win32.ActiveCfg = Release|Win32
		{7B947294-4BC7-41A8-9791-1E8421EC50A8}.small|Win32.Build.0 = Release|Win32
		{7B947294-4BC7-41A8-9791-1E8421EC50A8}.small|x64.ActiveCfg = Release|x64
		{7B947294-4BC7-41A8-9791-1E8421EC50A8}.small|x64.Build.0 = Release|x64
		{7B947294-4BC7-41A8-9791-1E8421EC50A8}.Template|ARM.ActiveCfg = Release|x64
		{7B947294-4BC7-41A8-9791-1E8421EC50A8}.Template|ARM.Build.0 = Release|x64
		{7B947294-4BC7-41A8-9791-1E8421EC50A8}.Template|Win32.ActiveCfg = Release|Win32
		{7B947294-4BC7-41A8-9791-1E8421EC50A8}.Template|Win32.Build.0 = Release|Win32
		{7B947294-4BC7-41A8-9791-1E8421EC50A8}.Template|x64.ActiveCfg = Release|x64
		{7B947294-4BC7-41A8-9791-1E8421EC50A8}.Template|x64.Build.0 = Release|x64
		{EFE39903-B31C-45B8-B00E-E1B2EE62FADB}.Debug Filter|ARM.ActiveCfg = Release|x64
		{EFE39903-B31C-45B8-B00E-E1B2EE62FADB}.Debug Filter|ARM.Build.0 = Release|x64
		{EFE39903-B31C-45B8-B00E-E1B2EE62FADB}.Debug Filter|Win32.ActiveCfg = Debug|Win32
		{EFE39903-B31C-45B8-B00E-E1B2EE62FADB}.Debug Filter|Win32.Build.0 = Debug|Win32
		{EFE39903-B31C-45B8-B00E-E1B2EE62FADB}.Debug Filter|x64.ActiveCfg = Debug|x64
		{EFE39903-B31C-45B8-B00E-E1B2EE62FADB}.Debug Filter|x64.Build.0 = Debug|x64
		{EFE39903-B31C-45B8-B00E-E1B2EE62FADB}.Debug Lite|ARM.ActiveCfg = Release|x64
		{EFE39903-B31C-45B8-B00E-E1B2EE62FADB}.Debug Lite|ARM.Build.0 = Release|x64
		{EFE39903-B31C-45B8-B00E-E1B2EE62FADB}.Debug Lite|Win32.ActiveCfg = Debug|Win32
		{EFE39903-B31C-45B8-B00E-E1B2EE62FADB}.Debug Lite|Win32.Build.0 = Debug|Win32
		{EFE39903-B31C-45B8-B00E-E1B2EE62FADB}.Debug Lite|x64.ActiveCfg = Debug|x64
		{EFE39903-B31C-45B8-B00E-E1B2EE62FADB}.Debug Lite|x64.Build.0 = Debug|x64
		{EFE39903-B31C-45B8-B00E-E1B2EE62FADB}.Debug|ARM.ActiveCfg = Debug|Win32
		{EFE39903-B31C-45B8-B00E-E1B2EE62FADB}.Debug|Win32.ActiveCfg = Debug|Win32
		{EFE39903-B31C-45B8-B00E-E1B2EE62FADB}.Debug|Win32.Build.0 = Debug|Win32
		{EFE39903-B31C-45B8-B00E-E1B2EE62FADB}.Debug|x64.ActiveCfg = Debug|x64
		{EFE39903-B31C-45B8-B00E-E1B2EE62FADB}.Debug|x64.Build.0 = Debug|x64
		{EFE39903-B31C-45B8-B00E-E1B2EE62FADB}.Release Filter|ARM.ActiveCfg = Release|x64
		{EFE39903-B31C-45B8-B00E-E1B2EE62FADB}.Release Filter|ARM.Build.0 = Release|x64
		{EFE39903-B31C-45B8-B00E-E1B2EE62FADB}.Release Filter|Win32.ActiveCfg = Release|Win32
		{EFE39903-B31C-45B8-B00E-E1B2EE62FADB}.Release Filter|Win32.Build.0 = Release|Win32
		{EFE39903-B31C-45B8-B00E-E1B2EE62FADB}.Release Filter|x64.ActiveCfg = Release|x64
		{EFE39903-B31C-45B8-B00E-E1B2EE62FADB}.Release Filter|x64.Build.0 = Release|x64
		{EFE39903-B31C-45B8-B00E-E1B2EE62FADB}.Release Lite|ARM.ActiveCfg = Release|x64
		{EFE39903-B31C-45B8-B00E-E1B2EE62FADB}.Release Lite|ARM.Build.0 = Release|x64
		{EFE39903-B31C-45B8-B00E-E1B2EE62FADB}.Release Lite|Win32.ActiveCfg = Release|Win32
		{EFE39903-B31C-45B8-B00E-E1B2EE62FADB}.Release Lite|Win32.Build.0 = Release|Win32
		{EFE39903-B31C-45B8-B00E-E1B2EE62FADB}.Release Lite|x64.ActiveCfg = Release|x64
		{EFE39903-B31C-45B8-B00E-E1B2EE62FADB}.Release Lite|x64.Build.0 = Release|x64
		{EFE39903-B31C-45B8-B00E-E1B2EE62FADB}.Release|ARM.ActiveCfg = Release|Win32
		{EFE39903-B31C-45B8-B00E-E1B2EE62FADB}.Release|Win32.ActiveCfg = Release|Win32
		{EFE39903-B31C-45B8-B00E-E1B2EE62FADB}.Release|Win32.Build.0 = Release|Win32
		{EFE39903-B31C-45B8-B00E-E1B2EE62FADB}.Release|x64.ActiveCfg = Release|x64
		{EFE39903-B31C-45B8-B00E-E1B2EE62FADB}.Release|x64.Build.0 = Release|x64
		{EFE39903-B31C-45B8-B00E-E1B2EE62FADB}.small|ARM.ActiveCfg = Release|x64
		{EFE39903-B31C-45B8-B00E-E1B2EE62FADB}.small|ARM.Build.0 = Release|x64
		{EFE39903-B31C-45B8-B00E-E1B2EE62FADB}.small|Win32.ActiveCfg = Release|Win32
		{EFE39903-B31C-45B8-B00E-E1B2EE62FADB}.small|Win32.Build.0 = Release|Win32
		{EFE39903-B31C-45B8-B00E-E1B2EE62FADB}.small|x64.ActiveCfg = Release|x64
		{EFE39903-B31C-45B8-B00E-E1B2EE62FADB}.small|x64.Build.0 = Release|x64
		{EFE39903-B31C-45B8-B00E-E1B2EE62FADB}.Template|ARM.ActiveCfg = Release|x64
		{EFE39903-B31C-45B8-B00E-E1B2EE62FADB}.Template|ARM.Build.0 = Release|x64
		{EFE39903-B31C-45B8-B00E-E1B2EE62FADB}.Template|Win32.ActiveCfg = Release|Win32
		{EFE39903-B31C-45B8-B00E-E1B2EE62FADB}.Template|Win32.Build.0 = Release|Win32
		{EFE39903-B31C-45B8-B00E-E1B2EE62FADB}.Template|x64.ActiveCfg = Release|x64
		{EFE39903-B31C-45B8-B00E-E1B2EE62FADB}.Template|x64.Build.0 = Release|x64
		{33079777-D018-4F35-821D-D995F215E8D6}.Debug Filter|ARM.ActiveCfg = Release|x64
		{33079777-D018-4F35-821D-D995F215E8D6}.Debug Filter|ARM.Build.0 = Release|x64
		{33079777-D018-4F35-821D-D995F215E8D6}.Debug Filter|Win32.ActiveCfg = Debug|Win32
		{33079777-D018-4F35-821D-D995F215E8D6}.Debug Filter|Win32.Build.0 = Debug|Win32
		{33079777-D018-4F35-821D-D995F215E8D6}.Debug Filter|x64.ActiveCfg = Debug|x64
		{33079777-D018-4F35-821D-D995F215E8D6}.Debug Filter|x64.Build.0 = Debug|x64
		{33079777-D018-4F35-821D-D995F215E8D6}.Debug Lite|ARM.ActiveCfg = Release|x64
		{33079777-D018-4F35-821D-D995F215E8D6}.Debug Lite|ARM.Build.0 = Release|x64
		{33079777-D018-4F35-821D-D995F215E8D6}.Debug Lite|Win32.ActiveCfg = Debug|Win32
		{33079777-D018-4F35-821D-D995F215E8D6}.Debug Lite|Win32.Build.0 = Debug|Win32
		{33079777-D018-4F35-821D-D995F215E8D6}.Debug Lite|x64.ActiveCfg = Debug|x64
		{33079777-D018-4F35-821D-D995F215E8D6}.Debug Lite|x64.Build.0 = Debug|x64
		{33079777-D018-4F35-821D-D995F215E8D6}.Debug|ARM.ActiveCfg = Debug|Win32
		{33079777-D018-4F35-821D-D995F215E8D6}.Debug|Win32.ActiveCfg = Debug|Win32
		{33079777-D018-4F35-821D-D995F215E8D6}.Debug|Win32.Build.0 = Debug|Win32
		{33079777-D018-4F35-821D-D995F215E8D6}.Debug|x64.ActiveCfg = Debug|x64
		{33079777-D018-4F35-821D-D995F215E8D6}.Debug|x64.Build.0 = Debug|x64
		{33079777-D018-4F35-821D-D995F215E8D6}.Release Filter|ARM.ActiveCfg = Release|x64
		{33079777-D018-4F35-821D-D995F215E8D6}.Release Filter|ARM.Build.0 = Release|x64
		{33079777-D018-4F35-821D-D995F215E8D6}.Release Filter|Win32.ActiveCfg = Release|Win32
		{33079777-D018-4F35-821D-D995F215E8D6}.Release Filter|Win32.Build.0 = Release|Win32
		{33079777-D018-4F35-821D-D995F215E8D6}.Release Filter|x64.ActiveCfg = Release|x64
		{33079777-D018-4F35-821D-D995F215E8D6}.Release Filter|x64.Build.0 = Release|x64
		{33079777-D018-4F35-821D-D995F215E8D6}.Release Lite|ARM.ActiveCfg = Release|x64
		{33079777-D018-4F35-821D-D995F215E8D6}.Release Lite|ARM.Build.0 = Release|x64
		{33079777-D018-4F35-821D-D995F215E8D6}.Release Lite|Win32.ActiveCfg = Release|Win32
		{33079777-D018-4F35-821D-D995F215E8D6}.Release Lite|Win32.Build.0 = Release|Win32
		{33079777-D018-4F35-821D-D995F215E8D6}.Release Lite|x64.ActiveCfg = Release|x64
		{33079777-D018-4F35-821D-D995F215E8D6}.Release Lite|x64.Build.0 = Release|x64
		{33079777-D018-4F35-821D-D995F215E8D6}.Release|ARM.ActiveCfg = Release|Win32
		{33079777-D018-4F35-821D-D995F215E8D6}.Release|Win32.ActiveCfg = Release|Win32
		{33079777-D018-4F35-821D-D995F215E8D6}.Release|Win32.Build.0 = Release|Win32
		{33079777-D018-4F35-821D-D995F215E8D6}.Release|x64.ActiveCfg = Release|x64
		{33079777-D018-4F35-821D-D995F215E8D6}.Release|x64.Build.0 = Release|x64
		{33079777-D018-4F35-821D-D995F215E8D6}.small|ARM.ActiveCfg = Release|x64
		{33079777-D018-4F35-821D-D995F215E8D6}.small|ARM.Build.0 = Release|x64
		{33079777-D018-4F35-821D-D995F215E8D6}.small|Win32.ActiveCfg = Release|Win32
		{33079777-D018-4F35-821D-D995F215E8D6}.small|Win32.Build.0 = Release|Win32
		{33079777-D018-4F35-821D-D995F215E8D6}.small|x64.ActiveCfg = Release|x64
		{33079777-D018-4F35-821D-D995F215E8D6}.small|x64.Build.0 = Release|x64
		{33079777-D018-4F35-821D-D995F215E8D6}.Template|ARM.ActiveCfg = Release|x64
		{33079777-D018-4F35-821D-D995F215E8D6}.Template|ARM.Build.0 = Release|x64
		{33079777-D018-4F35-821D-D995F215E8D6}.Template|Win32.ActiveCfg = Release|Win32
		{33079777-D018-4F35-821D-D995F215E8D6}.Template|Win32.Build.0 = Release|Win32
		{33079777-D018-4F35-821D-D995F215E8D6}.Template|x64.ActiveCfg = Release|x64
		{33079777-D018-4F35-821D-D995F215E8D6}.Template|x64.Build.0 = Release|x64
		{7F1542D1-3234-409A-88A7-9628BD49D029}.Debug Filter|ARM.ActiveCfg = Release|x64
		{7F1542D1-3234-409A-88A7-9628BD49D029}.Debug Filter|ARM.Build.0 = Release|x64
		{7F1542D1-3234-409A-88A7-9628BD49D029}.Debug Filter|Win32.ActiveCfg = Debug|Win32
		{7F1542D1-3234-409A-88A7-9628BD49D029}.Debug Filter|Win32.Build.0 = Debug|Win32
		{7F1542D1-3234-409A-88A7-9628BD49D029}.Debug Filter|x64.ActiveCfg = Debug|x64
		{7F1542D1-3234-409A-88A7-9628BD49D029}.Debug Filter|x64.Build.0 = Debug|x64
		{7F1542D1-3234-409A-88A7-9628BD49D029}.Debug Lite|ARM.ActiveCfg = Release|x64
		{7F1542D1-3234-409A-88A7-9628BD49D029}.Debug Lite|ARM.Build.0 = Release|x64
		{7F1542D1-3234-409A-88A7-9628BD49D029}.Debug Lite|Win32.ActiveCfg = Debug|Win32
		{7F1542D1-3234-409A-88A7-9628BD49D029}.Debug Lite|Win32.Build.0 = Debug|Win32
		{7F1542D1-3234-409A-88A7-9628BD49D029}.Debug Lite|x64.ActiveCfg = Debug|x64
		{7F1542D1-3234-409A-88A7-9628BD49D029}.Debug Lite|x64.Build.0 = Debug|x64
		{7F1542D1-3234-409A-88A7-9628BD49D029}.Debug|ARM.ActiveCfg = Debug|Win32
		{7F1542D1-3234-409A-88A7-9628BD49D029}.Debug|Win32.ActiveCfg = Debug|Win32
		{7F1542D1-3234-409A-88A7-9628BD49D029}.Debug|Win32.Build.0 = Debug|Win32
		{7F1542D1-3234-409A-88A7-9628BD49D029}.Debug|x64.ActiveCfg = Debug|x64
		{7F1542D1-3234-409A-88A7-9628BD49D029}.Debug|x64.Build.0 = Debug|x64
		{7F1542D1-3234-409A-88A7-9628BD49D029}.Release Filter|ARM.ActiveCfg = Release|x64
		{7F1542D1-3234-409A-88A7-9628BD49D029}.Release Filter|ARM.Build.0 = Release|x64
		{7F1542D1-3234-409A-88A7-9628BD49D029}.Release Filter|Win32.ActiveCfg = Release|Win32
		{7F1542D1-3234-409A-88A7-9628BD49D029}.Release Filter|Win32.Build.0 = Release|Win32
		{7F1542D1-3234-409A-88A7-9628BD49D029}.Release Filter|x64.ActiveCfg = Release|x64
		{7F1542D1-3234-409A-88A7-9628BD49D029}.Release Filter|x64.Build.0 = Release|x64
		{7F1542D1-3234-409A-88A7-9628BD49D029}.Release Lite|ARM.ActiveCfg = Release|x64
		{7F1542D1-3234-409A-88A7-9628BD49D029}.Release Lite|ARM.Build.0 = Release|x64
		{7F1542D1-3234-409A-88A7-9628BD49D029}.Release Lite|Win32.ActiveCfg = Release|Win32
		{7F1542D1-3234-409A-88A7-9628BD49D029}.Release Lite|Win32.Build.0 = Release|Win32
		{7F1542D1-3234-409A-88A7-9628BD49D029}.Release Lite|x64.ActiveCfg = Release|x64
		{7F1542D1-3234-409A-88A7-9628BD49D029}.Release Lite|x64.Build.0 = Release|x64
		{7F1542D1-3234-409A-88A7-9628BD49D029}.Release|ARM.ActiveCfg = Release|Win32
		{7F1542D1-3234-409A-88A7-9628BD49D029}.Release|Win32.ActiveCfg = Release|Win32
		{7F1542D1-3234-409A-88A7-9628BD49D029}.Release|Win32.Build.0 = Release|Win32
		{7F1542D1-3234-409A-88A7-9628BD49D029}.Release|x64.ActiveCfg = Release|x64
		{7F1542D1-3234-409A-88A7-9628BD49D029}.Release|x64.Build.0 = Release|x64
		{7F1542D1-3234-409A-88A7-9628BD49D029}.small|ARM.ActiveCfg = Release|x64
		{7F1542D1-3234-409A-88A7-9628BD49D029}.small|ARM.Build.0 = Release|x64
		{7F1542D1-3234-409A-88A7-9628BD49D029}.small|Win32.ActiveCfg = Release|Win32
		{7F1542D1-3234-409A-88A7-9628BD49D029}.small|Win32.Build.0 = Release|Win32
		{7F1542D1-3234-409A-88A7-9628BD49D029}.small|x64.ActiveCfg = Release|x64
		{7F1542D1-3234-409A-88A7-9628BD49D029}.small|x64.Build.0 = Release|x64
		{7F1542D1-3234-409A-88A7-9628BD49D029}.Template|ARM.ActiveCfg = Release|x64
		{7F1542D1-3234-409A-88A7-9628BD49D029}.Template|ARM.Build.0 = Release|x64
		{7F1542D1-3234-409A-88A7-9628BD49D029}.Template|Win32.ActiveCfg = Release|Win32
		{7F1542D1-3234-409A-88A7-9628BD49D029}.Template|Win32.Build.0 = Release|Win32
		{7F1542D1-3234-409A-88A7-9628BD49D029}.Template|x64.ActiveCfg = Release|x64
		{7F1542D1-3234-409A-88A7-9628BD49D029}.Template|x64.Build.0 = Release|x64
		{14BB19E3-EC1C-41E2-95A1-7DD972970044}.Debug Filter|ARM.ActiveCfg = Release|x64
		{14BB19E3-EC1C-41E2-95A1-7DD972970044}.Debug Filter|ARM.Build.0 = Release|x64
		{14BB19E3-EC1C-41E2-95A1-7DD972970044}.Debug Filter|Win32.ActiveCfg = Debug|Win32
		{14BB19E3-EC1C-41E2-95A1-7DD972970044}.Debug Filter|Win32.Build.0 = Debug|Win32
		{14BB19E3-EC1C-41E2-95A1-7DD972970044}.Debug Filter|x64.ActiveCfg = Debug|x64
		{14BB19E3-EC1C-41E2-95A1-7DD972970044}.Debug Filter|x64.Build.0 = Debug|x64
		{14BB19E3-EC1C-41E2-95A1-7DD972970044}.Debug Lite|ARM.ActiveCfg = Release|x64
		{14BB19E3-EC1C-41E2-95A1-7DD972970044}.Debug Lite|ARM.Build.0 = Release|x64
		{14BB19E3-EC1C-41E2-95A1-7DD972970044}.Debug Lite|Win32.ActiveCfg = Debug|Win32
		{14BB19E3-EC1C-41E2-95A1-7DD972970044}.Debug Lite|Win32.Build.0 = Debug|Win32
		{14BB19E3-EC1C-41E2-95A1-7DD972970044}.Debug Lite|x64.ActiveCfg = Debug|x64
		{14BB19E3-EC1C-41E2-95A1-7DD972970044}.Debug Lite|x64.Build.0 = Debug|x64
		{14BB19E3-EC1C-41E2-95A1-7DD972970044}.Debug|ARM.ActiveCfg = Debug|Win32
		{14BB19E3-EC1C-41E2-95A1-7DD972970044}.Debug|Win32.ActiveCfg = Debug|Win32
		{14BB19E3-EC1C-41E2-95A1-7DD972970044}.Debug|Win32.Build.0 = Debug|Win32
		{14BB19E3-EC1C-41E2-95A1-7DD972970044}.Debug|x64.ActiveCfg = Debug|x64
		{14BB19E3-EC1C-41E2-95A1-7DD972970044}.Debug|x64.Build.0 = Debug|x64
		{14BB19E3-EC1C-41E2-95A1-7DD972970044}.Release Filter|ARM.ActiveCfg = Release|x64
		{14BB19E3-EC1C-41E2-95A1-7DD972970044}.Release Filter|ARM.Build.0 = Release|x64
		{14BB19E3-EC1C-41E2-95A1-7DD972970044}.Release Filter|Win32.ActiveCfg = Release|Win32
		{14BB19E3-EC1C-41E2-95A1-7DD972970044}.Release Filter|Win32.Build.0 = Release|Win32
		{14BB19E3-EC1C-41E2-95A1-7DD972970044}.Release Filter|x64.ActiveCfg = Release|x64
		{14BB19E3-EC1C-41E2-95A1-7DD972970044}.Release Filter|x64.Build.0 = Release|x64
		{14BB19E3-EC1C-41E2-95A1-7DD972970044}.Release Lite|ARM.ActiveCfg = Release|x64
		{14BB19E3-EC1C-41E2-95A1-7DD972970044}.Release Lite|ARM.Build.0 = Release|x64
		{14BB19E3-EC1C-41E2-95A1-7DD972970044}.Release Lite|Win32.ActiveCfg = Release|Win32
		{14BB19E3-EC1C-41E2-95A1-7DD972970044}.Release Lite|Win32.Build.0 = Release|Win32
		{14BB19E3-EC1C-41E2-95A1-7DD972970044}.Release Lite|x64.ActiveCfg = Release|x64
		{14BB19E3-EC1C-41E2-95A1-7DD972970044}.Release Lite|x64.Build.0 = Release|x64
		{14BB19E3-EC1C-41E2-95A1-7DD972970044}.Release|ARM.ActiveCfg = Release|Win32
		{14BB19E3-EC1C-41E2-95A1-7DD972970044}.Release|Win32.ActiveCfg = Release|Win32
		{14BB19E3-EC1C-41E2-95A1-7DD972970044}.Release|Win32.Build.0 = Release|Win32
		{14BB19E3-EC1C-41E2-95A1-7DD972970044}.Release|x64.ActiveCfg = Release|x64
		{14BB19E3-EC1C-41E2-95A1-7DD972970044}.Release|x64.Build.0 = Release|x64
		{14BB19E3-EC1C-41E2-95A1-7DD972970044}.small|ARM.ActiveCfg = Release|x64
		{14BB19E3-EC1C-41E2-95A1-7DD972970044}.small|ARM.Build.0 = Release|x64
		{14BB19E3-EC1C-41E2-95A1-7DD972970044}.small|Win32.ActiveCfg = Release|Win32
		{14BB19E3-EC1C-41E2-95A1-7DD972970044}.small|Win32.Build.0 = Release|Win32
		{14BB19E3-EC1C-41E2-95A1-7DD972970044}.small|x64.ActiveCfg = Release|x64
		{14BB19E3-EC1C-41E2-95A1-7DD972970044}.small|x64.Build.0 = Release|x64
		{14BB19E3-EC1C-41E2-95A1-7DD972970044}.Template|ARM.ActiveCfg = Release|x64
		{14BB19E3-EC1C-41E2-95A1-7DD972970044}.Template|ARM.Build.0 = Release|x64
		{14BB19E3-EC1C-41E2-95A1-7DD972970044}.Template|Win32.ActiveCfg = Release|Win32
		{14BB19E3-EC1C-41E2-95A1-7DD972970044}.Template|Win32.Build.0 = Release|Win32
		{14BB19E3-EC1C-41E2-95A1-7DD972970044}.Template|x64.ActiveCfg = Release|x64
		{14BB19E3-EC1C-41E2-95A1-7DD972970044}.Template|x64.Build.0 = Release|x64
	EndGlobalSection
	GlobalSection(SolutionProperties) = preSolution
		HideSolutionNode = FALSE
	EndGlobalSection
	GlobalSection(NestedProjects) = preSolution
		{A0F3FB87-8030-42AE-BB78-5977DD717F86} = {6019FEBB-ED6F-4B78-BB30-EF20D671E961}
		{7B947294-4BC7-41A8-9791-1E8421EC50A8} = {6019FEBB-ED6F-4B78-BB30-EF20D671E961}
	EndGlobalSection
EndGlobal
