<?xml version="1.0" encoding="utf-8"?>
<Project ToolsVersion="4.0" xmlns="http://schemas.microsoft.com/developer/msbuild/2003">
  <ItemGroup>
    <Filter Include="Source Files">
      <UniqueIdentifier>{4FC737F1-C7A5-4376-A066-2A32D752A2FF}</UniqueIdentifier>
      <Extensions>cpp;c;cc;cxx;def;odl;idl;hpj;bat;asm;asmx</Extensions>
    </Filter>
    <Filter Include="Resource Files">
      <UniqueIdentifier>{67DA6AB6-F800-4c08-8B7A-83BB121AAD01}</UniqueIdentifier>
      <Extensions>rc;ico;cur;bmp;dlg;rc2;rct;bin;rgs;gif;jpg;jpeg;jpe;resx;tiff;tif;png;wav;mfcribbon-ms</Extensions>
    </Filter>
  </ItemGroup>
  <ItemGroup>
    <ClCompile Include="src\client.cpp">
      <Filter>Source Files</Filter>
    </ClCompile>
    <ClCompile Include="src\client_service.cpp">
      <Filter>Source Files</Filter>
    </ClCompile>
    <ClCompile Include="src\cloud_client.cpp">
      <Filter>Source Files</Filter>
    </ClCompile>
    <ClCompile Include="src\cloud_ws.cpp">
      <Filter>Source Files</Filter>
    </ClCompile>
    <ClCompile Include="src\control-server.cpp">
      <Filter>Source Files</Filter>
    </ClCompile>
    <ClCompile Include="src\control-service.cpp">
      <Filter>Source Files</Filter>
    </ClCompile>
    <ClCompile Include="src\file_request_handler.cpp">
      <Filter>Source Files</Filter>
    </ClCompile>
    <ClCompile Include="src\http.cpp">
      <Filter>Source Files</Filter>
    </ClCompile>
    <ClCompile Include="src\json_converter.cpp">
      <Filter>Source Files</Filter>
    </ClCompile>
    <ClCompile Include="src\ws_request_handler.cpp">
      <Filter>Source Files</Filter>
    </ClCompile>
    <ClCompile Include="src\clients.cpp">
      <Filter>Source Files</Filter>
    </ClCompile>
  </ItemGroup>
  <ItemGroup>
    <ClInclude Include="src\client.h">
      <Filter>Source Files</Filter>
    </ClInclude>
    <ClInclude Include="src\client_service.h">
      <Filter>Source Files</Filter>
    </ClInclude>
    <ClInclude Include="src\cloud_client.h">
      <Filter>Source Files</Filter>
    </ClInclude>
    <ClInclude Include="src\cloud_ws.h">
      <Filter>Source Files</Filter>
    </ClInclude>
    <ClInclude Include="src\control-service.h">
      <Filter>Source Files</Filter>
    </ClInclude>
    <ClInclude Include="src\file_request_handler.h">
      <Filter>Source Files</Filter>
    </ClInclude>
    <ClInclude Include="src\http.h">
      <Filter>Source Files</Filter>
    </ClInclude>
    <ClInclude Include="src\json_converter.h">
      <Filter>Source Files</Filter>
    </ClInclude>
    <ClInclude Include="src\ws_request_handler.h">
      <Filter>Source Files</Filter>
    </ClInclude>
    <ClInclude Include="src\msg_type_t.h">
      <Filter>Source Files</Filter>
    </ClInclude>
    <ClInclude Include="src\clients.h">
      <Filter>Source Files</Filter>
    </ClInclude>
  </ItemGroup>
</Project>