<?xml version="1.0" encoding="utf-8"?>
<Project ToolsVersion="4.0" xmlns="http://schemas.microsoft.com/developer/msbuild/2003">
  <ItemGroup>
    <Filter Include="Source Files">
      <UniqueIdentifier>{4FC737F1-C7A5-4376-A066-2A32D752A2FF}</UniqueIdentifier>
      <Extensions>cpp;c;cc;cxx;def;odl;idl;hpj;bat;asm;asmx</Extensions>
    </Filter>
  </ItemGroup>
  <ItemGroup>
    <ClCompile Include="src\client_sessions.cpp">
      <Filter>Source Files</Filter>
    </ClCompile>
    <ClCompile Include="src\clients.cpp">
      <Filter>Source Files</Filter>
    </ClCompile>
    <ClCompile Include="src\db.cpp">
      <Filter>Source Files</Filter>
    </ClCompile>
    <ClCompile Include="src\epg.cpp">
      <Filter>Source Files</Filter>
    </ClCompile>
    <ClCompile Include="src\recordings.cpp">
      <Filter>Source Files</Filter>
    </ClCompile>
    <ClCompile Include="src\session.cpp">
      <Filter>Source Files</Filter>
    </ClCompile>
    <ClCompile Include="src\source.cpp">
      <Filter>Source Files</Filter>
    </ClCompile>
    <ClCompile Include="src\sources.cpp">
      <Filter>Source Files</Filter>
    </ClCompile>
    <ClCompile Include="src\tv.cpp">
      <Filter>Source Files</Filter>
    </ClCompile>
    <ClCompile Include="src\tv-service.cpp">
      <Filter>Source Files</Filter>
    </ClCompile>
    <ClCompile Include="src\pch.cpp">
      <Filter>Source Files</Filter>
    </ClCompile>
  </ItemGroup>
  <ItemGroup>
    <ClInclude Include="src\clients.h">
      <Filter>Source Files</Filter>
    </ClInclude>
    <ClInclude Include="src\db.h">
      <Filter>Source Files</Filter>
    </ClInclude>
    <ClInclude Include="src\epg.h">
      <Filter>Source Files</Filter>
    </ClInclude>
    <ClInclude Include="src\event_info.h">
      <Filter>Source Files</Filter>
    </ClInclude>
    <ClInclude Include="src\recordings.h">
      <Filter>Source Files</Filter>
    </ClInclude>
    <ClInclude Include="src\session.h">
      <Filter>Source Files</Filter>
    </ClInclude>
    <ClInclude Include="src\source.h">
      <Filter>Source Files</Filter>
    </ClInclude>
    <ClInclude Include="src\sources.h">
      <Filter>Source Files</Filter>
    </ClInclude>
    <ClInclude Include="src\tv-service.h">
      <Filter>Source Files</Filter>
    </ClInclude>
    <ClInclude Include="src\client_sessions.h">
      <Filter>Source Files</Filter>
    </ClInclude>
    <ClInclude Include="src\pch.h">
      <Filter>Source Files</Filter>
    </ClInclude>
  </ItemGroup>
</Project>